// !$*UTF8*$!
{
	archiveVersion = 1;
	classes = {
	};
	objectVersion = 55;
	objects = {

/* Begin PBXBuildFile section */
		09587B1228F5E3C4000E27F4 /* MySubView.swift in Sources */ = {isa = PBXBuildFile; fileRef = 09587B1128F5E3C4000E27F4 /* MySubView.swift */; };
		09587B1428F5E863000E27F4 /* MyPageList.swift in Sources */ = {isa = PBXBuildFile; fileRef = 09587B1328F5E863000E27F4 /* MyPageList.swift */; };
		09587B1628F5E875000E27F4 /* MyBookList.swift in Sources */ = {isa = PBXBuildFile; fileRef = 09587B1528F5E875000E27F4 /* MyBookList.swift */; };
		09587B1828F5E8A5000E27F4 /* MyListItem .swift in Sources */ = {isa = PBXBuildFile; fileRef = 09587B1728F5E8A5000E27F4 /* MyListItem .swift */; };
		09587B8F28FEB4F9000E27F4 /* HomeBookResponse.swift in Sources */ = {isa = PBXBuildFile; fileRef = 09587B8E28FEB4F9000E27F4 /* HomeBookResponse.swift */; };
		09587B9128FED511000E27F4 /* HeaderView.swift in Sources */ = {isa = PBXBuildFile; fileRef = 09587B9028FED511000E27F4 /* HeaderView.swift */; };
		0973344129069DB000694466 /* AlertView.swift in Sources */ = {isa = PBXBuildFile; fileRef = 0973344029069DB000694466 /* AlertView.swift */; };
		097334432907A14B00694466 /* AlertViewController.swift in Sources */ = {isa = PBXBuildFile; fileRef = 097334422907A14B00694466 /* AlertViewController.swift */; };
		097334452907A4A800694466 /* AlertType.swift in Sources */ = {isa = PBXBuildFile; fileRef = 097334442907A4A800694466 /* AlertType.swift */; };
		0973344A290836E000694466 /* ConfirmView.swift in Sources */ = {isa = PBXBuildFile; fileRef = 09733449290836E000694466 /* ConfirmView.swift */; };
		0973344C290836EC00694466 /* ConfirmViewController.swift in Sources */ = {isa = PBXBuildFile; fileRef = 0973344B290836EC00694466 /* ConfirmViewController.swift */; };
		09733451290842EB00694466 /* MyUserService.swift in Sources */ = {isa = PBXBuildFile; fileRef = 09733450290842EB00694466 /* MyUserService.swift */; };
		097334532908447D00694466 /* MyUserAPI.swift in Sources */ = {isa = PBXBuildFile; fileRef = 097334522908447D00694466 /* MyUserAPI.swift */; };
		0984B1E8290845FD00441F32 /* MyResponse.swift in Sources */ = {isa = PBXBuildFile; fileRef = 0984B1E7290845FD00441F32 /* MyResponse.swift */; };
		2D1BF299F23FC2F7C2D2BC1A /* Pods_viside_ios.framework in Frameworks */ = {isa = PBXBuildFile; fileRef = 1D98CEE709AFA9A03F507E60 /* Pods_viside_ios.framework */; };
		6B66169928D0AF6C00146E75 /* TabBarController.swift in Sources */ = {isa = PBXBuildFile; fileRef = 6B66169828D0AF6C00146E75 /* TabBarController.swift */; };
		6B66169F28D0B2C100146E75 /* HomeNavigationViewController.swift in Sources */ = {isa = PBXBuildFile; fileRef = 6B66169E28D0B2C100146E75 /* HomeNavigationViewController.swift */; };
		6B6616A128D0B2EB00146E75 /* SearchNavigationViewController.swift in Sources */ = {isa = PBXBuildFile; fileRef = 6B6616A028D0B2EB00146E75 /* SearchNavigationViewController.swift */; };
		6B6616A328D0B30B00146E75 /* MyNavigationViewController.swift in Sources */ = {isa = PBXBuildFile; fileRef = 6B6616A228D0B30B00146E75 /* MyNavigationViewController.swift */; };
		6B6616A528D0B32B00146E75 /* HomeViewController.swift in Sources */ = {isa = PBXBuildFile; fileRef = 6B6616A428D0B32B00146E75 /* HomeViewController.swift */; };
		6B6616A728D0B40B00146E75 /* BasicNavigationViewController.swift in Sources */ = {isa = PBXBuildFile; fileRef = 6B6616A628D0B40B00146E75 /* BasicNavigationViewController.swift */; };
		6B6616A928D0B58700146E75 /* SearchViewController.swift in Sources */ = {isa = PBXBuildFile; fileRef = 6B6616A828D0B58700146E75 /* SearchViewController.swift */; };
		6B6616AB28D0B59000146E75 /* MyViewController.swift in Sources */ = {isa = PBXBuildFile; fileRef = 6B6616AA28D0B59000146E75 /* MyViewController.swift */; };
		6B6616AD28D0B93600146E75 /* UITabBarItem+Extension.swift in Sources */ = {isa = PBXBuildFile; fileRef = 6B6616AC28D0B93600146E75 /* UITabBarItem+Extension.swift */; };
		6B6616B028D0BD5F00146E75 /* SplashViewController.swift in Sources */ = {isa = PBXBuildFile; fileRef = 6B6616AF28D0BD5F00146E75 /* SplashViewController.swift */; };
		6B6616B228D0C27600146E75 /* UITabBar+Extension.swift in Sources */ = {isa = PBXBuildFile; fileRef = 6B6616B128D0C27600146E75 /* UITabBar+Extension.swift */; };
		6B6616B428D0C2B500146E75 /* CALayer+Extension.swift in Sources */ = {isa = PBXBuildFile; fileRef = 6B6616B328D0C2B500146E75 /* CALayer+Extension.swift */; };
		6B816366290FF422006D2628 /* SearchTableViewCell.swift in Sources */ = {isa = PBXBuildFile; fileRef = 6B816365290FF422006D2628 /* SearchTableViewCell.swift */; };
		6B816368290FF469006D2628 /* SearchViewModel.swift in Sources */ = {isa = PBXBuildFile; fileRef = 6B816367290FF469006D2628 /* SearchViewModel.swift */; };
		6B81636B290FF49B006D2628 /* ParentMainViewController.swift in Sources */ = {isa = PBXBuildFile; fileRef = 6B81636A290FF49B006D2628 /* ParentMainViewController.swift */; };
		6B81636D290FF4BA006D2628 /* ParentViewController.swift in Sources */ = {isa = PBXBuildFile; fileRef = 6B81636C290FF4BA006D2628 /* ParentViewController.swift */; };
		6B81636F290FF514006D2628 /* Strings+Search.swift in Sources */ = {isa = PBXBuildFile; fileRef = 6B81636E290FF514006D2628 /* Strings+Search.swift */; };
		6B816371290FF54F006D2628 /* UITableView+Extension.swift in Sources */ = {isa = PBXBuildFile; fileRef = 6B816370290FF54F006D2628 /* UITableView+Extension.swift */; };
		6B816373290FF569006D2628 /* UICollectionView+Extension.swift in Sources */ = {isa = PBXBuildFile; fileRef = 6B816372290FF569006D2628 /* UICollectionView+Extension.swift */; };
		6B816375290FF585006D2628 /* ReusableView.swift in Sources */ = {isa = PBXBuildFile; fileRef = 6B816374290FF585006D2628 /* ReusableView.swift */; };
		6B816377290FF594006D2628 /* ViewModelType.swift in Sources */ = {isa = PBXBuildFile; fileRef = 6B816376290FF594006D2628 /* ViewModelType.swift */; };
		6B816379290FF5EE006D2628 /* NavigationView.swift in Sources */ = {isa = PBXBuildFile; fileRef = 6B816378290FF5EE006D2628 /* NavigationView.swift */; };
		6B81637B290FF600006D2628 /* Bookmark.swift in Sources */ = {isa = PBXBuildFile; fileRef = 6B81637A290FF600006D2628 /* Bookmark.swift */; };
		6B81637D290FF638006D2628 /* FilterViewController.swift in Sources */ = {isa = PBXBuildFile; fileRef = 6B81637C290FF638006D2628 /* FilterViewController.swift */; };
		6B81637F290FF651006D2628 /* DetailViewController.swift in Sources */ = {isa = PBXBuildFile; fileRef = 6B81637E290FF651006D2628 /* DetailViewController.swift */; };
		6B816383290FF67A006D2628 /* FilterTableViewCell.swift in Sources */ = {isa = PBXBuildFile; fileRef = 6B816382290FF67A006D2628 /* FilterTableViewCell.swift */; };
		6B816387290FF69F006D2628 /* LeftAlignmentCollectionViewFlowLayout.swift in Sources */ = {isa = PBXBuildFile; fileRef = 6B816386290FF69F006D2628 /* LeftAlignmentCollectionViewFlowLayout.swift */; };
		6B816389290FF6BC006D2628 /* FilterViewModel.swift in Sources */ = {isa = PBXBuildFile; fileRef = 6B816388290FF6BC006D2628 /* FilterViewModel.swift */; };
		6B81638D290FF800006D2628 /* CardState.swift in Sources */ = {isa = PBXBuildFile; fileRef = 6B81638C290FF800006D2628 /* CardState.swift */; };
		6B81638F290FF810006D2628 /* BookmarkStatus.swift in Sources */ = {isa = PBXBuildFile; fileRef = 6B81638E290FF810006D2628 /* BookmarkStatus.swift */; };
		6B816391290FFA65006D2628 /* UIView+Extension.swift in Sources */ = {isa = PBXBuildFile; fileRef = 6B816390290FFA65006D2628 /* UIView+Extension.swift */; };
		6B816393290FFA6F006D2628 /* UILabel+Extension.swift in Sources */ = {isa = PBXBuildFile; fileRef = 6B816392290FFA6F006D2628 /* UILabel+Extension.swift */; };
		6B81639529114397006D2628 /* SearchService.swift in Sources */ = {isa = PBXBuildFile; fileRef = 6B81639429114396006D2628 /* SearchService.swift */; };
		6B81639829114A53006D2628 /* NetworkWrapper.swift in Sources */ = {isa = PBXBuildFile; fileRef = 6B81639729114A53006D2628 /* NetworkWrapper.swift */; };
		6B81639A29114AAD006D2628 /* SeachModel.swift in Sources */ = {isa = PBXBuildFile; fileRef = 6B81639929114AAD006D2628 /* SeachModel.swift */; };
		6B81639D291204C4006D2628 /* KeywordModel.swift in Sources */ = {isa = PBXBuildFile; fileRef = 6B81639C291204C4006D2628 /* KeywordModel.swift */; };
		6B81639F29120C71006D2628 /* KeywordCollectionViewCell.swift in Sources */ = {isa = PBXBuildFile; fileRef = 6B81639E29120C71006D2628 /* KeywordCollectionViewCell.swift */; };
		6B8163A129120EBF006D2628 /* CategoryCollectionView.swift in Sources */ = {isa = PBXBuildFile; fileRef = 6B8163A029120EBE006D2628 /* CategoryCollectionView.swift */; };
		6B8163A329121073006D2628 /* String+Extension.swift in Sources */ = {isa = PBXBuildFile; fileRef = 6B8163A229121073006D2628 /* String+Extension.swift */; };
		6B849B7A28BE38B800A57222 /* Montserrat-SemiBold.otf in Resources */ = {isa = PBXBuildFile; fileRef = 6B849B7528BE38B800A57222 /* Montserrat-SemiBold.otf */; };
		6B849B7B28BE38B800A57222 /* Montserrat-Spoqa-Bold.otf in Resources */ = {isa = PBXBuildFile; fileRef = 6B849B7628BE38B800A57222 /* Montserrat-Spoqa-Bold.otf */; };
		6B849B7C28BE38B800A57222 /* Montserrat-ExtraBold.otf in Resources */ = {isa = PBXBuildFile; fileRef = 6B849B7728BE38B800A57222 /* Montserrat-ExtraBold.otf */; };
		6B849B7D28BE38B800A57222 /* Montserrat-Spoqa-Medium.otf in Resources */ = {isa = PBXBuildFile; fileRef = 6B849B7828BE38B800A57222 /* Montserrat-Spoqa-Medium.otf */; };
		6B849B7E28BE38B800A57222 /* Montserrat-Spoqa-Regular.otf in Resources */ = {isa = PBXBuildFile; fileRef = 6B849B7928BE38B800A57222 /* Montserrat-Spoqa-Regular.otf */; };
		6BA3203D2917C41800328E87 /* RectangleButton.swift in Sources */ = {isa = PBXBuildFile; fileRef = 6BA3203C2917C41800328E87 /* RectangleButton.swift */; };
		6BA3203F2917C89D00328E87 /* RefreshButton.swift in Sources */ = {isa = PBXBuildFile; fileRef = 6BA3203E2917C89D00328E87 /* RefreshButton.swift */; };
		6BA8053128A9415300B899A5 /* LoginViewController.swift in Sources */ = {isa = PBXBuildFile; fileRef = 6BA8053028A9415300B899A5 /* LoginViewController.swift */; };
		6BA8053528A9418700B899A5 /* LoginType.swift in Sources */ = {isa = PBXBuildFile; fileRef = 6BA8053428A9418700B899A5 /* LoginType.swift */; };
		6BA8053728A941DA00B899A5 /* Layout.swift in Sources */ = {isa = PBXBuildFile; fileRef = 6BA8053628A941DA00B899A5 /* Layout.swift */; };
		6BA8053A28A9424B00B899A5 /* LoginButton.swift in Sources */ = {isa = PBXBuildFile; fileRef = 6BA8053928A9424B00B899A5 /* LoginButton.swift */; };
		6BA8053C28A9E80700B899A5 /* Utils.swift in Sources */ = {isa = PBXBuildFile; fileRef = 6BA8053B28A9E80700B899A5 /* Utils.swift */; };
		6BA8053E28A9F2AE00B899A5 /* LoginViewModel.swift in Sources */ = {isa = PBXBuildFile; fileRef = 6BA8053D28A9F2AE00B899A5 /* LoginViewModel.swift */; };
		D54312E028E9BB9000F0EAC8 /* PaddingLabel.swift in Sources */ = {isa = PBXBuildFile; fileRef = D54312DF28E9BB9000F0EAC8 /* PaddingLabel.swift */; };
		D5540FAB28E45410003737D7 /* HomeTitle.swift in Sources */ = {isa = PBXBuildFile; fileRef = D5540FAA28E45410003737D7 /* HomeTitle.swift */; };
		D5540FAD28E4543D003737D7 /* HomeBook.swift in Sources */ = {isa = PBXBuildFile; fileRef = D5540FAC28E4543D003737D7 /* HomeBook.swift */; };
		D5540FAF28E4545F003737D7 /* SubView.swift in Sources */ = {isa = PBXBuildFile; fileRef = D5540FAE28E4545F003737D7 /* SubView.swift */; };
		D5540FB228E455B6003737D7 /* HomeUserAPI.swift in Sources */ = {isa = PBXBuildFile; fileRef = D5540FB128E455B6003737D7 /* HomeUserAPI.swift */; };
		D5540FB428E455CB003737D7 /* HomeUserService.swift in Sources */ = {isa = PBXBuildFile; fileRef = D5540FB328E455CB003737D7 /* HomeUserService.swift */; };
		D5540FB628E45A5D003737D7 /* HomeUserResponse.swift in Sources */ = {isa = PBXBuildFile; fileRef = D5540FB528E45A5D003737D7 /* HomeUserResponse.swift */; };
		D571105428B5DCBB00B24812 /* Const.swift in Sources */ = {isa = PBXBuildFile; fileRef = D571105328B5DCBB00B24812 /* Const.swift */; };
		D571105828B5E72F00B24812 /* LogInResponse.swift in Sources */ = {isa = PBXBuildFile; fileRef = D571105728B5E72F00B24812 /* LogInResponse.swift */; };
		D571105A28B5E75600B24812 /* JoinResponse.swift in Sources */ = {isa = PBXBuildFile; fileRef = D571105928B5E75600B24812 /* JoinResponse.swift */; };
		D571105E28B5FCE800B24812 /* MoyaLoggingPlugin.swift in Sources */ = {isa = PBXBuildFile; fileRef = D571105D28B5FCE800B24812 /* MoyaLoggingPlugin.swift */; };
		D57224E328A6645400112751 /* AppDelegate.swift in Sources */ = {isa = PBXBuildFile; fileRef = D57224E228A6645400112751 /* AppDelegate.swift */; };
		D57224E528A6645400112751 /* SceneDelegate.swift in Sources */ = {isa = PBXBuildFile; fileRef = D57224E428A6645400112751 /* SceneDelegate.swift */; };
		D57224E728A6645400112751 /* ViewController.swift in Sources */ = {isa = PBXBuildFile; fileRef = D57224E628A6645400112751 /* ViewController.swift */; };
		D57224EA28A6645400112751 /* Main.storyboard in Resources */ = {isa = PBXBuildFile; fileRef = D57224E828A6645400112751 /* Main.storyboard */; };
		D57224EC28A6645700112751 /* Assets.xcassets in Resources */ = {isa = PBXBuildFile; fileRef = D57224EB28A6645700112751 /* Assets.xcassets */; };
		D57224EF28A6645700112751 /* LaunchScreen.storyboard in Resources */ = {isa = PBXBuildFile; fileRef = D57224ED28A6645700112751 /* LaunchScreen.storyboard */; };
		D572250A28A6774700112751 /* R.generated.swift in Sources */ = {isa = PBXBuildFile; fileRef = D572250928A6774700112751 /* R.generated.swift */; };
		D572250E28A678D400112751 /* Font.swift in Sources */ = {isa = PBXBuildFile; fileRef = D572250D28A678D400112751 /* Font.swift */; };
		D572251028A6794700112751 /* Color.swift in Sources */ = {isa = PBXBuildFile; fileRef = D572250F28A6794700112751 /* Color.swift */; };
		D572251328A67A5D00112751 /* Strings.swift in Sources */ = {isa = PBXBuildFile; fileRef = D572251228A67A5D00112751 /* Strings.swift */; };
		D575393F28B330F3006645F7 /* URL.swift in Sources */ = {isa = PBXBuildFile; fileRef = D575393E28B330F3006645F7 /* URL.swift */; };
		D575394228B334F4006645F7 /* UserAPI.swift in Sources */ = {isa = PBXBuildFile; fileRef = D575394128B334F4006645F7 /* UserAPI.swift */; };
		D575394428B33502006645F7 /* UserService.swift in Sources */ = {isa = PBXBuildFile; fileRef = D575394328B33502006645F7 /* UserService.swift */; };
		D575394728B3367A006645F7 /* NetworkResult.swift in Sources */ = {isa = PBXBuildFile; fileRef = D575394628B3367A006645F7 /* NetworkResult.swift */; };
		D575395528B36338006645F7 /* Header.swift in Sources */ = {isa = PBXBuildFile; fileRef = D575395428B36337006645F7 /* Header.swift */; };
		D58C64DA28AD6D1F00B07C9C /* DefaultKeys.swift in Sources */ = {isa = PBXBuildFile; fileRef = D58C64D928AD6D1F00B07C9C /* DefaultKeys.swift */; };
		D59E013028A7D7D50071E0CA /* KakaoAuthViewModel.swift in Sources */ = {isa = PBXBuildFile; fileRef = D59E012F28A7D7D50071E0CA /* KakaoAuthViewModel.swift */; };
		D5E9242D28A915D8001E7560 /* GoogleService-Info.plist in Resources */ = {isa = PBXBuildFile; fileRef = D5E9242C28A915D8001E7560 /* GoogleService-Info.plist */; };
/* End PBXBuildFile section */

/* Begin PBXFileReference section */
		09587B1128F5E3C4000E27F4 /* MySubView.swift */ = {isa = PBXFileReference; lastKnownFileType = sourcecode.swift; path = MySubView.swift; sourceTree = "<group>"; };
		09587B1328F5E863000E27F4 /* MyPageList.swift */ = {isa = PBXFileReference; lastKnownFileType = sourcecode.swift; path = MyPageList.swift; sourceTree = "<group>"; };
		09587B1528F5E875000E27F4 /* MyBookList.swift */ = {isa = PBXFileReference; lastKnownFileType = sourcecode.swift; path = MyBookList.swift; sourceTree = "<group>"; };
		09587B1728F5E8A5000E27F4 /* MyListItem .swift */ = {isa = PBXFileReference; lastKnownFileType = sourcecode.swift; path = "MyListItem .swift"; sourceTree = "<group>"; };
		09587B8E28FEB4F9000E27F4 /* HomeBookResponse.swift */ = {isa = PBXFileReference; lastKnownFileType = sourcecode.swift; path = HomeBookResponse.swift; sourceTree = "<group>"; };
		09587B9028FED511000E27F4 /* HeaderView.swift */ = {isa = PBXFileReference; lastKnownFileType = sourcecode.swift; path = HeaderView.swift; sourceTree = "<group>"; };
		0973344029069DB000694466 /* AlertView.swift */ = {isa = PBXFileReference; lastKnownFileType = sourcecode.swift; path = AlertView.swift; sourceTree = "<group>"; };
		097334422907A14B00694466 /* AlertViewController.swift */ = {isa = PBXFileReference; lastKnownFileType = sourcecode.swift; path = AlertViewController.swift; sourceTree = "<group>"; };
		097334442907A4A800694466 /* AlertType.swift */ = {isa = PBXFileReference; lastKnownFileType = sourcecode.swift; path = AlertType.swift; sourceTree = "<group>"; };
		09733449290836E000694466 /* ConfirmView.swift */ = {isa = PBXFileReference; lastKnownFileType = sourcecode.swift; path = ConfirmView.swift; sourceTree = "<group>"; };
		0973344B290836EC00694466 /* ConfirmViewController.swift */ = {isa = PBXFileReference; lastKnownFileType = sourcecode.swift; path = ConfirmViewController.swift; sourceTree = "<group>"; };
		09733450290842EB00694466 /* MyUserService.swift */ = {isa = PBXFileReference; lastKnownFileType = sourcecode.swift; path = MyUserService.swift; sourceTree = "<group>"; };
		097334522908447D00694466 /* MyUserAPI.swift */ = {isa = PBXFileReference; lastKnownFileType = sourcecode.swift; path = MyUserAPI.swift; sourceTree = "<group>"; };
		0984B1E7290845FD00441F32 /* MyResponse.swift */ = {isa = PBXFileReference; lastKnownFileType = sourcecode.swift; path = MyResponse.swift; sourceTree = "<group>"; };
		1D98CEE709AFA9A03F507E60 /* Pods_viside_ios.framework */ = {isa = PBXFileReference; explicitFileType = wrapper.framework; includeInIndex = 0; path = Pods_viside_ios.framework; sourceTree = BUILT_PRODUCTS_DIR; };
		6B66169828D0AF6C00146E75 /* TabBarController.swift */ = {isa = PBXFileReference; lastKnownFileType = sourcecode.swift; path = TabBarController.swift; sourceTree = "<group>"; };
		6B66169E28D0B2C100146E75 /* HomeNavigationViewController.swift */ = {isa = PBXFileReference; lastKnownFileType = sourcecode.swift; path = HomeNavigationViewController.swift; sourceTree = "<group>"; };
		6B6616A028D0B2EB00146E75 /* SearchNavigationViewController.swift */ = {isa = PBXFileReference; lastKnownFileType = sourcecode.swift; path = SearchNavigationViewController.swift; sourceTree = "<group>"; };
		6B6616A228D0B30B00146E75 /* MyNavigationViewController.swift */ = {isa = PBXFileReference; lastKnownFileType = sourcecode.swift; path = MyNavigationViewController.swift; sourceTree = "<group>"; };
		6B6616A428D0B32B00146E75 /* HomeViewController.swift */ = {isa = PBXFileReference; lastKnownFileType = sourcecode.swift; path = HomeViewController.swift; sourceTree = "<group>"; };
		6B6616A628D0B40B00146E75 /* BasicNavigationViewController.swift */ = {isa = PBXFileReference; lastKnownFileType = sourcecode.swift; path = BasicNavigationViewController.swift; sourceTree = "<group>"; };
		6B6616A828D0B58700146E75 /* SearchViewController.swift */ = {isa = PBXFileReference; lastKnownFileType = sourcecode.swift; path = SearchViewController.swift; sourceTree = "<group>"; };
		6B6616AA28D0B59000146E75 /* MyViewController.swift */ = {isa = PBXFileReference; lastKnownFileType = sourcecode.swift; path = MyViewController.swift; sourceTree = "<group>"; };
		6B6616AC28D0B93600146E75 /* UITabBarItem+Extension.swift */ = {isa = PBXFileReference; lastKnownFileType = sourcecode.swift; path = "UITabBarItem+Extension.swift"; sourceTree = "<group>"; };
		6B6616AF28D0BD5F00146E75 /* SplashViewController.swift */ = {isa = PBXFileReference; lastKnownFileType = sourcecode.swift; path = SplashViewController.swift; sourceTree = "<group>"; };
		6B6616B128D0C27600146E75 /* UITabBar+Extension.swift */ = {isa = PBXFileReference; lastKnownFileType = sourcecode.swift; path = "UITabBar+Extension.swift"; sourceTree = "<group>"; };
		6B6616B328D0C2B500146E75 /* CALayer+Extension.swift */ = {isa = PBXFileReference; lastKnownFileType = sourcecode.swift; path = "CALayer+Extension.swift"; sourceTree = "<group>"; };
		6B816365290FF422006D2628 /* SearchTableViewCell.swift */ = {isa = PBXFileReference; lastKnownFileType = sourcecode.swift; path = SearchTableViewCell.swift; sourceTree = "<group>"; };
		6B816367290FF469006D2628 /* SearchViewModel.swift */ = {isa = PBXFileReference; lastKnownFileType = sourcecode.swift; path = SearchViewModel.swift; sourceTree = "<group>"; };
		6B81636A290FF49B006D2628 /* ParentMainViewController.swift */ = {isa = PBXFileReference; lastKnownFileType = sourcecode.swift; path = ParentMainViewController.swift; sourceTree = "<group>"; };
		6B81636C290FF4BA006D2628 /* ParentViewController.swift */ = {isa = PBXFileReference; lastKnownFileType = sourcecode.swift; path = ParentViewController.swift; sourceTree = "<group>"; };
		6B81636E290FF514006D2628 /* Strings+Search.swift */ = {isa = PBXFileReference; lastKnownFileType = sourcecode.swift; path = "Strings+Search.swift"; sourceTree = "<group>"; };
		6B816370290FF54F006D2628 /* UITableView+Extension.swift */ = {isa = PBXFileReference; lastKnownFileType = sourcecode.swift; path = "UITableView+Extension.swift"; sourceTree = "<group>"; };
		6B816372290FF569006D2628 /* UICollectionView+Extension.swift */ = {isa = PBXFileReference; lastKnownFileType = sourcecode.swift; path = "UICollectionView+Extension.swift"; sourceTree = "<group>"; };
		6B816374290FF585006D2628 /* ReusableView.swift */ = {isa = PBXFileReference; lastKnownFileType = sourcecode.swift; path = ReusableView.swift; sourceTree = "<group>"; };
		6B816376290FF594006D2628 /* ViewModelType.swift */ = {isa = PBXFileReference; lastKnownFileType = sourcecode.swift; path = ViewModelType.swift; sourceTree = "<group>"; };
		6B816378290FF5EE006D2628 /* NavigationView.swift */ = {isa = PBXFileReference; lastKnownFileType = sourcecode.swift; path = NavigationView.swift; sourceTree = "<group>"; };
		6B81637A290FF600006D2628 /* Bookmark.swift */ = {isa = PBXFileReference; lastKnownFileType = sourcecode.swift; path = Bookmark.swift; sourceTree = "<group>"; };
		6B81637C290FF638006D2628 /* FilterViewController.swift */ = {isa = PBXFileReference; lastKnownFileType = sourcecode.swift; path = FilterViewController.swift; sourceTree = "<group>"; };
		6B81637E290FF651006D2628 /* DetailViewController.swift */ = {isa = PBXFileReference; lastKnownFileType = sourcecode.swift; path = DetailViewController.swift; sourceTree = "<group>"; };
		6B816382290FF67A006D2628 /* FilterTableViewCell.swift */ = {isa = PBXFileReference; lastKnownFileType = sourcecode.swift; path = FilterTableViewCell.swift; sourceTree = "<group>"; };
		6B816386290FF69F006D2628 /* LeftAlignmentCollectionViewFlowLayout.swift */ = {isa = PBXFileReference; lastKnownFileType = sourcecode.swift; path = LeftAlignmentCollectionViewFlowLayout.swift; sourceTree = "<group>"; };
		6B816388290FF6BC006D2628 /* FilterViewModel.swift */ = {isa = PBXFileReference; lastKnownFileType = sourcecode.swift; path = FilterViewModel.swift; sourceTree = "<group>"; };
		6B81638C290FF800006D2628 /* CardState.swift */ = {isa = PBXFileReference; lastKnownFileType = sourcecode.swift; path = CardState.swift; sourceTree = "<group>"; };
		6B81638E290FF810006D2628 /* BookmarkStatus.swift */ = {isa = PBXFileReference; lastKnownFileType = sourcecode.swift; path = BookmarkStatus.swift; sourceTree = "<group>"; };
		6B816390290FFA65006D2628 /* UIView+Extension.swift */ = {isa = PBXFileReference; lastKnownFileType = sourcecode.swift; path = "UIView+Extension.swift"; sourceTree = "<group>"; };
		6B816392290FFA6F006D2628 /* UILabel+Extension.swift */ = {isa = PBXFileReference; lastKnownFileType = sourcecode.swift; path = "UILabel+Extension.swift"; sourceTree = "<group>"; };
		6B81639429114396006D2628 /* SearchService.swift */ = {isa = PBXFileReference; lastKnownFileType = sourcecode.swift; path = SearchService.swift; sourceTree = "<group>"; };
		6B81639729114A53006D2628 /* NetworkWrapper.swift */ = {isa = PBXFileReference; lastKnownFileType = sourcecode.swift; path = NetworkWrapper.swift; sourceTree = "<group>"; };
		6B81639929114AAD006D2628 /* SeachModel.swift */ = {isa = PBXFileReference; lastKnownFileType = sourcecode.swift; path = SeachModel.swift; sourceTree = "<group>"; };
		6B81639C291204C4006D2628 /* KeywordModel.swift */ = {isa = PBXFileReference; lastKnownFileType = sourcecode.swift; path = KeywordModel.swift; sourceTree = "<group>"; };
		6B81639E29120C71006D2628 /* KeywordCollectionViewCell.swift */ = {isa = PBXFileReference; lastKnownFileType = sourcecode.swift; path = KeywordCollectionViewCell.swift; sourceTree = "<group>"; };
		6B8163A029120EBE006D2628 /* CategoryCollectionView.swift */ = {isa = PBXFileReference; lastKnownFileType = sourcecode.swift; path = CategoryCollectionView.swift; sourceTree = "<group>"; };
		6B8163A229121073006D2628 /* String+Extension.swift */ = {isa = PBXFileReference; lastKnownFileType = sourcecode.swift; path = "String+Extension.swift"; sourceTree = "<group>"; };
		6B849B7528BE38B800A57222 /* Montserrat-SemiBold.otf */ = {isa = PBXFileReference; lastKnownFileType = file; path = "Montserrat-SemiBold.otf"; sourceTree = "<group>"; };
		6B849B7628BE38B800A57222 /* Montserrat-Spoqa-Bold.otf */ = {isa = PBXFileReference; lastKnownFileType = file; path = "Montserrat-Spoqa-Bold.otf"; sourceTree = "<group>"; };
		6B849B7728BE38B800A57222 /* Montserrat-ExtraBold.otf */ = {isa = PBXFileReference; lastKnownFileType = file; path = "Montserrat-ExtraBold.otf"; sourceTree = "<group>"; };
		6B849B7828BE38B800A57222 /* Montserrat-Spoqa-Medium.otf */ = {isa = PBXFileReference; lastKnownFileType = file; path = "Montserrat-Spoqa-Medium.otf"; sourceTree = "<group>"; };
		6B849B7928BE38B800A57222 /* Montserrat-Spoqa-Regular.otf */ = {isa = PBXFileReference; lastKnownFileType = file; path = "Montserrat-Spoqa-Regular.otf"; sourceTree = "<group>"; };
		6BA3203C2917C41800328E87 /* RectangleButton.swift */ = {isa = PBXFileReference; lastKnownFileType = sourcecode.swift; path = RectangleButton.swift; sourceTree = "<group>"; };
		6BA3203E2917C89D00328E87 /* RefreshButton.swift */ = {isa = PBXFileReference; lastKnownFileType = sourcecode.swift; path = RefreshButton.swift; sourceTree = "<group>"; };
		6BA8053028A9415300B899A5 /* LoginViewController.swift */ = {isa = PBXFileReference; lastKnownFileType = sourcecode.swift; path = LoginViewController.swift; sourceTree = "<group>"; };
		6BA8053428A9418700B899A5 /* LoginType.swift */ = {isa = PBXFileReference; lastKnownFileType = sourcecode.swift; path = LoginType.swift; sourceTree = "<group>"; };
		6BA8053628A941DA00B899A5 /* Layout.swift */ = {isa = PBXFileReference; lastKnownFileType = sourcecode.swift; path = Layout.swift; sourceTree = "<group>"; };
		6BA8053928A9424B00B899A5 /* LoginButton.swift */ = {isa = PBXFileReference; lastKnownFileType = sourcecode.swift; path = LoginButton.swift; sourceTree = "<group>"; };
		6BA8053B28A9E80700B899A5 /* Utils.swift */ = {isa = PBXFileReference; lastKnownFileType = sourcecode.swift; path = Utils.swift; sourceTree = "<group>"; };
		6BA8053D28A9F2AE00B899A5 /* LoginViewModel.swift */ = {isa = PBXFileReference; lastKnownFileType = sourcecode.swift; path = LoginViewModel.swift; sourceTree = "<group>"; };
		9D50FE2B9A382EC74E8A719F /* Pods-viside-ios.debug.xcconfig */ = {isa = PBXFileReference; includeInIndex = 1; lastKnownFileType = text.xcconfig; name = "Pods-viside-ios.debug.xcconfig"; path = "Target Support Files/Pods-viside-ios/Pods-viside-ios.debug.xcconfig"; sourceTree = "<group>"; };
		B9D96D0EE6CD481D80138A8A /* Pods-viside-ios.release.xcconfig */ = {isa = PBXFileReference; includeInIndex = 1; lastKnownFileType = text.xcconfig; name = "Pods-viside-ios.release.xcconfig"; path = "Target Support Files/Pods-viside-ios/Pods-viside-ios.release.xcconfig"; sourceTree = "<group>"; };
		D54312DF28E9BB9000F0EAC8 /* PaddingLabel.swift */ = {isa = PBXFileReference; lastKnownFileType = sourcecode.swift; path = PaddingLabel.swift; sourceTree = "<group>"; };
		D5540FAA28E45410003737D7 /* HomeTitle.swift */ = {isa = PBXFileReference; lastKnownFileType = sourcecode.swift; path = HomeTitle.swift; sourceTree = "<group>"; };
		D5540FAC28E4543D003737D7 /* HomeBook.swift */ = {isa = PBXFileReference; lastKnownFileType = sourcecode.swift; path = HomeBook.swift; sourceTree = "<group>"; };
		D5540FAE28E4545F003737D7 /* SubView.swift */ = {isa = PBXFileReference; lastKnownFileType = sourcecode.swift; path = SubView.swift; sourceTree = "<group>"; };
		D5540FB128E455B6003737D7 /* HomeUserAPI.swift */ = {isa = PBXFileReference; lastKnownFileType = sourcecode.swift; path = HomeUserAPI.swift; sourceTree = "<group>"; };
		D5540FB328E455CB003737D7 /* HomeUserService.swift */ = {isa = PBXFileReference; lastKnownFileType = sourcecode.swift; path = HomeUserService.swift; sourceTree = "<group>"; };
		D5540FB528E45A5D003737D7 /* HomeUserResponse.swift */ = {isa = PBXFileReference; lastKnownFileType = sourcecode.swift; path = HomeUserResponse.swift; sourceTree = "<group>"; };
		D571105328B5DCBB00B24812 /* Const.swift */ = {isa = PBXFileReference; lastKnownFileType = sourcecode.swift; path = Const.swift; sourceTree = "<group>"; };
		D571105728B5E72F00B24812 /* LogInResponse.swift */ = {isa = PBXFileReference; lastKnownFileType = sourcecode.swift; path = LogInResponse.swift; sourceTree = "<group>"; };
		D571105928B5E75600B24812 /* JoinResponse.swift */ = {isa = PBXFileReference; lastKnownFileType = sourcecode.swift; path = JoinResponse.swift; sourceTree = "<group>"; };
		D571105D28B5FCE800B24812 /* MoyaLoggingPlugin.swift */ = {isa = PBXFileReference; lastKnownFileType = sourcecode.swift; path = MoyaLoggingPlugin.swift; sourceTree = "<group>"; };
		D57224DF28A6645400112751 /* viside-ios.app */ = {isa = PBXFileReference; explicitFileType = wrapper.application; includeInIndex = 0; path = "viside-ios.app"; sourceTree = BUILT_PRODUCTS_DIR; };
		D57224E228A6645400112751 /* AppDelegate.swift */ = {isa = PBXFileReference; lastKnownFileType = sourcecode.swift; path = AppDelegate.swift; sourceTree = "<group>"; };
		D57224E428A6645400112751 /* SceneDelegate.swift */ = {isa = PBXFileReference; lastKnownFileType = sourcecode.swift; path = SceneDelegate.swift; sourceTree = "<group>"; };
		D57224E628A6645400112751 /* ViewController.swift */ = {isa = PBXFileReference; lastKnownFileType = sourcecode.swift; path = ViewController.swift; sourceTree = "<group>"; };
		D57224E928A6645400112751 /* Base */ = {isa = PBXFileReference; lastKnownFileType = file.storyboard; name = Base; path = Base.lproj/Main.storyboard; sourceTree = "<group>"; };
		D57224EB28A6645700112751 /* Assets.xcassets */ = {isa = PBXFileReference; lastKnownFileType = folder.assetcatalog; path = Assets.xcassets; sourceTree = "<group>"; };
		D57224EE28A6645700112751 /* Base */ = {isa = PBXFileReference; lastKnownFileType = file.storyboard; name = Base; path = Base.lproj/LaunchScreen.storyboard; sourceTree = "<group>"; };
		D57224F028A6645700112751 /* Info.plist */ = {isa = PBXFileReference; lastKnownFileType = text.plist.xml; path = Info.plist; sourceTree = "<group>"; };
		D572250928A6774700112751 /* R.generated.swift */ = {isa = PBXFileReference; fileEncoding = 4; lastKnownFileType = sourcecode.swift; path = R.generated.swift; sourceTree = "<group>"; };
		D572250D28A678D400112751 /* Font.swift */ = {isa = PBXFileReference; lastKnownFileType = sourcecode.swift; path = Font.swift; sourceTree = "<group>"; };
		D572250F28A6794700112751 /* Color.swift */ = {isa = PBXFileReference; lastKnownFileType = sourcecode.swift; path = Color.swift; sourceTree = "<group>"; };
		D572251228A67A5D00112751 /* Strings.swift */ = {isa = PBXFileReference; lastKnownFileType = sourcecode.swift; path = Strings.swift; sourceTree = "<group>"; };
		D575393E28B330F3006645F7 /* URL.swift */ = {isa = PBXFileReference; lastKnownFileType = sourcecode.swift; path = URL.swift; sourceTree = "<group>"; };
		D575394128B334F4006645F7 /* UserAPI.swift */ = {isa = PBXFileReference; lastKnownFileType = sourcecode.swift; path = UserAPI.swift; sourceTree = "<group>"; };
		D575394328B33502006645F7 /* UserService.swift */ = {isa = PBXFileReference; lastKnownFileType = sourcecode.swift; path = UserService.swift; sourceTree = "<group>"; };
		D575394628B3367A006645F7 /* NetworkResult.swift */ = {isa = PBXFileReference; lastKnownFileType = sourcecode.swift; path = NetworkResult.swift; sourceTree = "<group>"; };
		D575395428B36337006645F7 /* Header.swift */ = {isa = PBXFileReference; lastKnownFileType = sourcecode.swift; path = Header.swift; sourceTree = "<group>"; };
		D58C64D928AD6D1F00B07C9C /* DefaultKeys.swift */ = {isa = PBXFileReference; lastKnownFileType = sourcecode.swift; path = DefaultKeys.swift; sourceTree = "<group>"; };
		D59E012728A7C84D0071E0CA /* viside-ios.entitlements */ = {isa = PBXFileReference; lastKnownFileType = text.plist.entitlements; path = "viside-ios.entitlements"; sourceTree = "<group>"; };
		D59E012A28A7D2470071E0CA /* Config.xcconfig */ = {isa = PBXFileReference; lastKnownFileType = text.xcconfig; path = Config.xcconfig; sourceTree = "<group>"; };
		D59E012F28A7D7D50071E0CA /* KakaoAuthViewModel.swift */ = {isa = PBXFileReference; lastKnownFileType = sourcecode.swift; path = KakaoAuthViewModel.swift; sourceTree = "<group>"; };
		D5E9242C28A915D8001E7560 /* GoogleService-Info.plist */ = {isa = PBXFileReference; fileEncoding = 4; lastKnownFileType = text.plist.xml; path = "GoogleService-Info.plist"; sourceTree = "<group>"; };
/* End PBXFileReference section */

/* Begin PBXFrameworksBuildPhase section */
		D57224DC28A6645400112751 /* Frameworks */ = {
			isa = PBXFrameworksBuildPhase;
			buildActionMask = 2147483647;
			files = (
				2D1BF299F23FC2F7C2D2BC1A /* Pods_viside_ios.framework in Frameworks */,
			);
			runOnlyForDeploymentPostprocessing = 0;
		};
/* End PBXFrameworksBuildPhase section */

/* Begin PBXGroup section */
		09733446290835E100694466 /* Alert */ = {
			isa = PBXGroup;
			children = (
				0973344029069DB000694466 /* AlertView.swift */,
				097334422907A14B00694466 /* AlertViewController.swift */,
				09733449290836E000694466 /* ConfirmView.swift */,
				0973344B290836EC00694466 /* ConfirmViewController.swift */,
			);
			path = Alert;
			sourceTree = "<group>";
		};
		09733447290835F200694466 /* View */ = {
			isa = PBXGroup;
			children = (
				6B6616AA28D0B59000146E75 /* MyViewController.swift */,
				09587B9028FED511000E27F4 /* HeaderView.swift */,
				09587B1128F5E3C4000E27F4 /* MySubView.swift */,
			);
			path = View;
			sourceTree = "<group>";
		};
		09733448290835FF00694466 /* Cell */ = {
			isa = PBXGroup;
			children = (
				09587B1328F5E863000E27F4 /* MyPageList.swift */,
				09587B1528F5E875000E27F4 /* MyBookList.swift */,
			);
			path = Cell;
			sourceTree = "<group>";
		};
		0973344D2908374B00694466 /* Cell */ = {
			isa = PBXGroup;
			children = (
				D5540FAA28E45410003737D7 /* HomeTitle.swift */,
				D5540FAC28E4543D003737D7 /* HomeBook.swift */,
				D54312DF28E9BB9000F0EAC8 /* PaddingLabel.swift */,
			);
			path = Cell;
			sourceTree = "<group>";
		};
		0973344E2908376A00694466 /* View */ = {
			isa = PBXGroup;
			children = (
				6B6616A428D0B32B00146E75 /* HomeViewController.swift */,
				D5540FAE28E4545F003737D7 /* SubView.swift */,
			);
			path = View;
			sourceTree = "<group>";
		};
		0973344F290842CE00694466 /* My */ = {
			isa = PBXGroup;
			children = (
				0984B1E7290845FD00441F32 /* MyResponse.swift */,
				09733450290842EB00694466 /* MyUserService.swift */,
				097334522908447D00694466 /* MyUserAPI.swift */,
			);
			path = My;
			sourceTree = "<group>";
		};
		3856F61E359BCF8DB8658957 /* Frameworks */ = {
			isa = PBXGroup;
			children = (
				1D98CEE709AFA9A03F507E60 /* Pods_viside_ios.framework */,
			);
			name = Frameworks;
			sourceTree = "<group>";
		};
		4466D3BE272E18B5A6CB82D0 /* Pods */ = {
			isa = PBXGroup;
			children = (
				9D50FE2B9A382EC74E8A719F /* Pods-viside-ios.debug.xcconfig */,
				B9D96D0EE6CD481D80138A8A /* Pods-viside-ios.release.xcconfig */,
			);
			path = Pods;
			sourceTree = "<group>";
		};
		6B66169A28D0AF7100146E75 /* TabBar */ = {
			isa = PBXGroup;
			children = (
				6B66169828D0AF6C00146E75 /* TabBarController.swift */,
			);
			path = TabBar;
			sourceTree = "<group>";
		};
		6B66169B28D0B26400146E75 /* Home */ = {
			isa = PBXGroup;
			children = (
				6B66169E28D0B2C100146E75 /* HomeNavigationViewController.swift */,
				0973344E2908376A00694466 /* View */,
				0973344D2908374B00694466 /* Cell */,
			);
			path = Home;
			sourceTree = "<group>";
		};
		6B66169C28D0B28300146E75 /* Search */ = {
			isa = PBXGroup;
			children = (
				6B6616A028D0B2EB00146E75 /* SearchNavigationViewController.swift */,
				6B816364290FF404006D2628 /* View */,
				6B816369290FF46D006D2628 /* ViewModel */,
			);
			path = Search;
			sourceTree = "<group>";
		};
		6B66169D28D0B29600146E75 /* My */ = {
			isa = PBXGroup;
			children = (
				09587B1728F5E8A5000E27F4 /* MyListItem .swift */,
				6B6616A228D0B30B00146E75 /* MyNavigationViewController.swift */,
				09733446290835E100694466 /* Alert */,
				09733448290835FF00694466 /* Cell */,
				09733447290835F200694466 /* View */,
			);
			path = My;
			sourceTree = "<group>";
		};
		6B6616AE28D0B94F00146E75 /* Extension */ = {
			isa = PBXGroup;
			children = (
				6B6616AC28D0B93600146E75 /* UITabBarItem+Extension.swift */,
				6B6616B128D0C27600146E75 /* UITabBar+Extension.swift */,
				6B6616B328D0C2B500146E75 /* CALayer+Extension.swift */,
				6B816370290FF54F006D2628 /* UITableView+Extension.swift */,
				6B816372290FF569006D2628 /* UICollectionView+Extension.swift */,
				6B816390290FFA65006D2628 /* UIView+Extension.swift */,
				6B816392290FFA6F006D2628 /* UILabel+Extension.swift */,
				6B8163A229121073006D2628 /* String+Extension.swift */,
			);
			path = Extension;
			sourceTree = "<group>";
		};
		6B816364290FF404006D2628 /* View */ = {
			isa = PBXGroup;
			children = (
				6B6616A828D0B58700146E75 /* SearchViewController.swift */,
				6B816365290FF422006D2628 /* SearchTableViewCell.swift */,
			);
			path = View;
			sourceTree = "<group>";
		};
		6B816369290FF46D006D2628 /* ViewModel */ = {
			isa = PBXGroup;
			children = (
				6B816367290FF469006D2628 /* SearchViewModel.swift */,
			);
			path = ViewModel;
			sourceTree = "<group>";
		};
		6B816380290FF657006D2628 /* Filter */ = {
			isa = PBXGroup;
			children = (
				6B81638A290FF6C2006D2628 /* View */,
				6B81638B290FF6C9006D2628 /* ViewModel */,
			);
			path = Filter;
			sourceTree = "<group>";
		};
		6B816381290FF65E006D2628 /* Detail */ = {
			isa = PBXGroup;
			children = (
				6B81637E290FF651006D2628 /* DetailViewController.swift */,
			);
			path = Detail;
			sourceTree = "<group>";
		};
		6B81638A290FF6C2006D2628 /* View */ = {
			isa = PBXGroup;
			children = (
				6B81637C290FF638006D2628 /* FilterViewController.swift */,
				6B816382290FF67A006D2628 /* FilterTableViewCell.swift */,
				6B816386290FF69F006D2628 /* LeftAlignmentCollectionViewFlowLayout.swift */,
				6B81639E29120C71006D2628 /* KeywordCollectionViewCell.swift */,
				6B8163A029120EBE006D2628 /* CategoryCollectionView.swift */,
				6BA3203C2917C41800328E87 /* RectangleButton.swift */,
				6BA3203E2917C89D00328E87 /* RefreshButton.swift */,
			);
			path = View;
			sourceTree = "<group>";
		};
		6B81638B290FF6C9006D2628 /* ViewModel */ = {
			isa = PBXGroup;
			children = (
				6B816388290FF6BC006D2628 /* FilterViewModel.swift */,
			);
			path = ViewModel;
			sourceTree = "<group>";
		};
		6B8163962911439D006D2628 /* Search */ = {
			isa = PBXGroup;
			children = (
				6B81639429114396006D2628 /* SearchService.swift */,
				6B81639729114A53006D2628 /* NetworkWrapper.swift */,
			);
			path = Search;
			sourceTree = "<group>";
		};
		6B81639B291204B0006D2628 /* Search */ = {
			isa = PBXGroup;
			children = (
				6B81639929114AAD006D2628 /* SeachModel.swift */,
				6B81639C291204C4006D2628 /* KeywordModel.swift */,
			);
			path = Search;
			sourceTree = "<group>";
		};
		6BA8052D28A9413200B899A5 /* Login */ = {
			isa = PBXGroup;
			children = (
				6BA8052E28A9413C00B899A5 /* ViewModel */,
				6BA8052F28A9414300B899A5 /* View */,
			);
			path = Login;
			sourceTree = "<group>";
		};
		6BA8052E28A9413C00B899A5 /* ViewModel */ = {
			isa = PBXGroup;
			children = (
				D59E012F28A7D7D50071E0CA /* KakaoAuthViewModel.swift */,
				6BA8053D28A9F2AE00B899A5 /* LoginViewModel.swift */,
			);
			path = ViewModel;
			sourceTree = "<group>";
		};
		6BA8052F28A9414300B899A5 /* View */ = {
			isa = PBXGroup;
			children = (
				6BA8053028A9415300B899A5 /* LoginViewController.swift */,
			);
			name = View;
			sourceTree = "<group>";
		};
		6BA8053228A9415B00B899A5 /* Protocol */ = {
			isa = PBXGroup;
			children = (
				6BA8053628A941DA00B899A5 /* Layout.swift */,
				6B816374290FF585006D2628 /* ReusableView.swift */,
				6B816376290FF594006D2628 /* ViewModelType.swift */,
			);
			path = Protocol;
			sourceTree = "<group>";
		};
		6BA8053328A9416200B899A5 /* Enum */ = {
			isa = PBXGroup;
			children = (
				6BA8053428A9418700B899A5 /* LoginType.swift */,
				097334442907A4A800694466 /* AlertType.swift */,
				6B81638C290FF800006D2628 /* CardState.swift */,
				6B81638E290FF810006D2628 /* BookmarkStatus.swift */,
			);
			path = Enum;
			sourceTree = "<group>";
		};
		6BA8053828A9423D00B899A5 /* Common */ = {
			isa = PBXGroup;
			children = (
				6BA8053928A9424B00B899A5 /* LoginButton.swift */,
				6B6616A628D0B40B00146E75 /* BasicNavigationViewController.swift */,
				6B81636A290FF49B006D2628 /* ParentMainViewController.swift */,
				6B81636C290FF4BA006D2628 /* ParentViewController.swift */,
				6B816378290FF5EE006D2628 /* NavigationView.swift */,
				6B81637A290FF600006D2628 /* Bookmark.swift */,
			);
			path = Common;
			sourceTree = "<group>";
		};
		D5540FB028E45572003737D7 /* Home */ = {
			isa = PBXGroup;
			children = (
				D5540FB128E455B6003737D7 /* HomeUserAPI.swift */,
				D5540FB328E455CB003737D7 /* HomeUserService.swift */,
			);
			path = Home;
			sourceTree = "<group>";
		};
		D5540FB728E45DAA003737D7 /* Home */ = {
			isa = PBXGroup;
			children = (
				D5540FB528E45A5D003737D7 /* HomeUserResponse.swift */,
				09587B8E28FEB4F9000E27F4 /* HomeBookResponse.swift */,
			);
			path = Home;
			sourceTree = "<group>";
		};
		D571105228B5D98000B24812 /* ResponseModel */ = {
			isa = PBXGroup;
			children = (
				D571105728B5E72F00B24812 /* LogInResponse.swift */,
				D571105928B5E75600B24812 /* JoinResponse.swift */,
			);
			path = ResponseModel;
			sourceTree = "<group>";
		};
		D57224D628A6645400112751 = {
			isa = PBXGroup;
			children = (
				D572250928A6774700112751 /* R.generated.swift */,
				D57224E128A6645400112751 /* viside-ios */,
				D57224E028A6645400112751 /* Products */,
				4466D3BE272E18B5A6CB82D0 /* Pods */,
				3856F61E359BCF8DB8658957 /* Frameworks */,
			);
			sourceTree = "<group>";
		};
		D57224E028A6645400112751 /* Products */ = {
			isa = PBXGroup;
			children = (
				D57224DF28A6645400112751 /* viside-ios.app */,
			);
			name = Products;
			sourceTree = "<group>";
		};
		D57224E128A6645400112751 /* viside-ios */ = {
			isa = PBXGroup;
			children = (
				D59E012728A7C84D0071E0CA /* viside-ios.entitlements */,
				D57224FA28A6748B00112751 /* Global */,
				D57224FB28A674CC00112751 /* Screens */,
				D57224F028A6645700112751 /* Info.plist */,
				D5E9242C28A915D8001E7560 /* GoogleService-Info.plist */,
			);
			path = "viside-ios";
			sourceTree = "<group>";
		};
		D57224FA28A6748B00112751 /* Global */ = {
			isa = PBXGroup;
			children = (
				D575393C28B32FFE006645F7 /* Network */,
				D58C64DB28AD6D2600B07C9C /* Struct */,
				6BA8053228A9415B00B899A5 /* Protocol */,
				6BA8053328A9416200B899A5 /* Enum */,
				6B6616AE28D0B94F00146E75 /* Extension */,
				D572250B28A678BF00112751 /* Utils */,
				D57224FC28A6752E00112751 /* Delegate */,
				D57224FD28A6753800112751 /* Resources */,
				D592198228A811850067BD7E /* Config */,
			);
			path = Global;
			sourceTree = "<group>";
		};
		D57224FB28A674CC00112751 /* Screens */ = {
			isa = PBXGroup;
			children = (
				6B6616AF28D0BD5F00146E75 /* SplashViewController.swift */,
				6B66169A28D0AF7100146E75 /* TabBar */,
				6BA8053828A9423D00B899A5 /* Common */,
				6BA8052D28A9413200B899A5 /* Login */,
				6B66169B28D0B26400146E75 /* Home */,
				6B66169C28D0B28300146E75 /* Search */,
				6B816380290FF657006D2628 /* Filter */,
				6B816381290FF65E006D2628 /* Detail */,
				6B66169D28D0B29600146E75 /* My */,
				D57224E828A6645400112751 /* Main.storyboard */,
				D57224E628A6645400112751 /* ViewController.swift */,
				D57224ED28A6645700112751 /* LaunchScreen.storyboard */,
			);
			path = Screens;
			sourceTree = "<group>";
		};
		D57224FC28A6752E00112751 /* Delegate */ = {
			isa = PBXGroup;
			children = (
				D57224E228A6645400112751 /* AppDelegate.swift */,
				D57224E428A6645400112751 /* SceneDelegate.swift */,
			);
			path = Delegate;
			sourceTree = "<group>";
		};
		D57224FD28A6753800112751 /* Resources */ = {
			isa = PBXGroup;
			children = (
				D57224FE28A6754600112751 /* Font */,
				D57224EB28A6645700112751 /* Assets.xcassets */,
			);
			path = Resources;
			sourceTree = "<group>";
		};
		D57224FE28A6754600112751 /* Font */ = {
			isa = PBXGroup;
			children = (
				6B849B7728BE38B800A57222 /* Montserrat-ExtraBold.otf */,
				6B849B7528BE38B800A57222 /* Montserrat-SemiBold.otf */,
				6B849B7628BE38B800A57222 /* Montserrat-Spoqa-Bold.otf */,
				6B849B7828BE38B800A57222 /* Montserrat-Spoqa-Medium.otf */,
				6B849B7928BE38B800A57222 /* Montserrat-Spoqa-Regular.otf */,
			);
			path = Font;
			sourceTree = "<group>";
		};
		D572250B28A678BF00112751 /* Utils */ = {
			isa = PBXGroup;
			children = (
				D572251128A67A5400112751 /* String */,
				D572250C28A678C500112751 /* Design */,
				6BA8053B28A9E80700B899A5 /* Utils.swift */,
			);
			path = Utils;
			sourceTree = "<group>";
		};
		D572250C28A678C500112751 /* Design */ = {
			isa = PBXGroup;
			children = (
				D572250D28A678D400112751 /* Font.swift */,
				D572250F28A6794700112751 /* Color.swift */,
			);
			path = Design;
			sourceTree = "<group>";
		};
		D572251128A67A5400112751 /* String */ = {
			isa = PBXGroup;
			children = (
				D572251228A67A5D00112751 /* Strings.swift */,
				6B81636E290FF514006D2628 /* Strings+Search.swift */,
			);
			path = String;
			sourceTree = "<group>";
		};
		D575393C28B32FFE006645F7 /* Network */ = {
			isa = PBXGroup;
			children = (
				D575395328B362C0006645F7 /* Resources */,
				D575394528B3366F006645F7 /* NetworkModel */,
				D575394028B333A2006645F7 /* NetworkService */,
			);
			path = Network;
			sourceTree = "<group>";
		};
		D575394028B333A2006645F7 /* NetworkService */ = {
			isa = PBXGroup;
			children = (
				D571105D28B5FCE800B24812 /* MoyaLoggingPlugin.swift */,
				0973344F290842CE00694466 /* My */,
				D5540FB028E45572003737D7 /* Home */,
				D575395628B3667D006645F7 /* User */,
				6B8163962911439D006D2628 /* Search */,
			);
			path = NetworkService;
			sourceTree = "<group>";
		};
		D575394528B3366F006645F7 /* NetworkModel */ = {
			isa = PBXGroup;
			children = (
				D575394628B3367A006645F7 /* NetworkResult.swift */,
				D5540FB728E45DAA003737D7 /* Home */,
				D575394828B336A6006645F7 /* User */,
				6B81639B291204B0006D2628 /* Search */,
			);
			path = NetworkModel;
			sourceTree = "<group>";
		};
		D575394828B336A6006645F7 /* User */ = {
			isa = PBXGroup;
			children = (
				D571105228B5D98000B24812 /* ResponseModel */,
			);
			path = User;
			sourceTree = "<group>";
		};
		D575395328B362C0006645F7 /* Resources */ = {
			isa = PBXGroup;
			children = (
				D571105328B5DCBB00B24812 /* Const.swift */,
				D575393E28B330F3006645F7 /* URL.swift */,
				D575395428B36337006645F7 /* Header.swift */,
			);
			path = Resources;
			sourceTree = "<group>";
		};
		D575395628B3667D006645F7 /* User */ = {
			isa = PBXGroup;
			children = (
				D575394128B334F4006645F7 /* UserAPI.swift */,
				D575394328B33502006645F7 /* UserService.swift */,
			);
			path = User;
			sourceTree = "<group>";
		};
		D58C64DB28AD6D2600B07C9C /* Struct */ = {
			isa = PBXGroup;
			children = (
				D58C64D928AD6D1F00B07C9C /* DefaultKeys.swift */,
			);
			path = Struct;
			sourceTree = "<group>";
		};
		D592198228A811850067BD7E /* Config */ = {
			isa = PBXGroup;
			children = (
				D59E012A28A7D2470071E0CA /* Config.xcconfig */,
			);
			path = Config;
			sourceTree = "<group>";
		};
/* End PBXGroup section */

/* Begin PBXNativeTarget section */
		D57224DE28A6645400112751 /* viside-ios */ = {
			isa = PBXNativeTarget;
			buildConfigurationList = D57224F328A6645700112751 /* Build configuration list for PBXNativeTarget "viside-ios" */;
			buildPhases = (
				62CFBBBBE410D0E7F49F4718 /* [CP] Check Pods Manifest.lock */,
				D57224F728A673C900112751 /* ShellScript */,
				D57224DB28A6645400112751 /* Sources */,
				D57224DC28A6645400112751 /* Frameworks */,
				D57224DD28A6645400112751 /* Resources */,
				319FFE0A9B24DD213354F642 /* [CP] Embed Pods Frameworks */,
			);
			buildRules = (
			);
			dependencies = (
			);
			name = "viside-ios";
			productName = "viside-ios";
			productReference = D57224DF28A6645400112751 /* viside-ios.app */;
			productType = "com.apple.product-type.application";
		};
/* End PBXNativeTarget section */

/* Begin PBXProject section */
		D57224D728A6645400112751 /* Project object */ = {
			isa = PBXProject;
			attributes = {
				BuildIndependentTargetsInParallel = 1;
				LastSwiftUpdateCheck = 1340;
				LastUpgradeCheck = 1340;
				TargetAttributes = {
					D57224DE28A6645400112751 = {
						CreatedOnToolsVersion = 13.4.1;
					};
				};
			};
			buildConfigurationList = D57224DA28A6645400112751 /* Build configuration list for PBXProject "viside-ios" */;
			compatibilityVersion = "Xcode 13.0";
			developmentRegion = en;
			hasScannedForEncodings = 0;
			knownRegions = (
				en,
				Base,
			);
			mainGroup = D57224D628A6645400112751;
			productRefGroup = D57224E028A6645400112751 /* Products */;
			projectDirPath = "";
			projectRoot = "";
			targets = (
				D57224DE28A6645400112751 /* viside-ios */,
			);
		};
/* End PBXProject section */

/* Begin PBXResourcesBuildPhase section */
		D57224DD28A6645400112751 /* Resources */ = {
			isa = PBXResourcesBuildPhase;
			buildActionMask = 2147483647;
			files = (
				6B849B7E28BE38B800A57222 /* Montserrat-Spoqa-Regular.otf in Resources */,
				6B849B7D28BE38B800A57222 /* Montserrat-Spoqa-Medium.otf in Resources */,
				6B849B7C28BE38B800A57222 /* Montserrat-ExtraBold.otf in Resources */,
				D5E9242D28A915D8001E7560 /* GoogleService-Info.plist in Resources */,
				D57224EF28A6645700112751 /* LaunchScreen.storyboard in Resources */,
				D57224EC28A6645700112751 /* Assets.xcassets in Resources */,
				D57224EA28A6645400112751 /* Main.storyboard in Resources */,
				6B849B7B28BE38B800A57222 /* Montserrat-Spoqa-Bold.otf in Resources */,
				6B849B7A28BE38B800A57222 /* Montserrat-SemiBold.otf in Resources */,
			);
			runOnlyForDeploymentPostprocessing = 0;
		};
/* End PBXResourcesBuildPhase section */

/* Begin PBXShellScriptBuildPhase section */
		319FFE0A9B24DD213354F642 /* [CP] Embed Pods Frameworks */ = {
			isa = PBXShellScriptBuildPhase;
			buildActionMask = 2147483647;
			files = (
			);
			inputFileListPaths = (
				"${PODS_ROOT}/Target Support Files/Pods-viside-ios/Pods-viside-ios-frameworks-${CONFIGURATION}-input-files.xcfilelist",
			);
			name = "[CP] Embed Pods Frameworks";
			outputFileListPaths = (
				"${PODS_ROOT}/Target Support Files/Pods-viside-ios/Pods-viside-ios-frameworks-${CONFIGURATION}-output-files.xcfilelist",
			);
			runOnlyForDeploymentPostprocessing = 0;
			shellPath = /bin/sh;
			shellScript = "\"${PODS_ROOT}/Target Support Files/Pods-viside-ios/Pods-viside-ios-frameworks.sh\"\n";
			showEnvVarsInLog = 0;
		};
		62CFBBBBE410D0E7F49F4718 /* [CP] Check Pods Manifest.lock */ = {
			isa = PBXShellScriptBuildPhase;
			buildActionMask = 2147483647;
			files = (
			);
			inputFileListPaths = (
			);
			inputPaths = (
				"${PODS_PODFILE_DIR_PATH}/Podfile.lock",
				"${PODS_ROOT}/Manifest.lock",
			);
			name = "[CP] Check Pods Manifest.lock";
			outputFileListPaths = (
			);
			outputPaths = (
				"$(DERIVED_FILE_DIR)/Pods-viside-ios-checkManifestLockResult.txt",
			);
			runOnlyForDeploymentPostprocessing = 0;
			shellPath = /bin/sh;
			shellScript = "diff \"${PODS_PODFILE_DIR_PATH}/Podfile.lock\" \"${PODS_ROOT}/Manifest.lock\" > /dev/null\nif [ $? != 0 ] ; then\n    # print error to STDERR\n    echo \"error: The sandbox is not in sync with the Podfile.lock. Run 'pod install' or update your CocoaPods installation.\" >&2\n    exit 1\nfi\n# This output is used by Xcode 'outputs' to avoid re-running this script phase.\necho \"SUCCESS\" > \"${SCRIPT_OUTPUT_FILE_0}\"\n";
			showEnvVarsInLog = 0;
		};
		D57224F728A673C900112751 /* ShellScript */ = {
			isa = PBXShellScriptBuildPhase;
			buildActionMask = 2147483647;
			files = (
			);
			inputFileListPaths = (
			);
			inputPaths = (
				"$TEMP_DIR/rswift-lastrun",
			);
			outputFileListPaths = (
			);
			outputPaths = (
				$SRCROOT/R.generated.swift,
			);
			runOnlyForDeploymentPostprocessing = 0;
			shellPath = /bin/sh;
			shellScript = "\"$PODS_ROOT/R.swift/rswift\" generate \"$SRCROOT/R.generated.swift\"\n\n";
		};
/* End PBXShellScriptBuildPhase section */

/* Begin PBXSourcesBuildPhase section */
		D57224DB28A6645400112751 /* Sources */ = {
			isa = PBXSourcesBuildPhase;
			buildActionMask = 2147483647;
			files = (
				097334452907A4A800694466 /* AlertType.swift in Sources */,
				6B6616B428D0C2B500146E75 /* CALayer+Extension.swift in Sources */,
				6B816371290FF54F006D2628 /* UITableView+Extension.swift in Sources */,
				6B816379290FF5EE006D2628 /* NavigationView.swift in Sources */,
				D57224E728A6645400112751 /* ViewController.swift in Sources */,
				6B66169928D0AF6C00146E75 /* TabBarController.swift in Sources */,
				6B81638D290FF800006D2628 /* CardState.swift in Sources */,
				6BA3203F2917C89D00328E87 /* RefreshButton.swift in Sources */,
				D5540FB428E455CB003737D7 /* HomeUserService.swift in Sources */,
				6B8163A329121073006D2628 /* String+Extension.swift in Sources */,
				6B8163A129120EBF006D2628 /* CategoryCollectionView.swift in Sources */,
				D575393F28B330F3006645F7 /* URL.swift in Sources */,
				09587B1428F5E863000E27F4 /* MyPageList.swift in Sources */,
				D575394428B33502006645F7 /* UserService.swift in Sources */,
				D59E013028A7D7D50071E0CA /* KakaoAuthViewModel.swift in Sources */,
				097334532908447D00694466 /* MyUserAPI.swift in Sources */,
				6B81636F290FF514006D2628 /* Strings+Search.swift in Sources */,
				0973344C290836EC00694466 /* ConfirmViewController.swift in Sources */,
				6B6616A528D0B32B00146E75 /* HomeViewController.swift in Sources */,
				D57224E328A6645400112751 /* AppDelegate.swift in Sources */,
				D575394228B334F4006645F7 /* UserAPI.swift in Sources */,
				6B816373290FF569006D2628 /* UICollectionView+Extension.swift in Sources */,
				D54312E028E9BB9000F0EAC8 /* PaddingLabel.swift in Sources */,
				6B6616A728D0B40B00146E75 /* BasicNavigationViewController.swift in Sources */,
				6B81638F290FF810006D2628 /* BookmarkStatus.swift in Sources */,
				6B816391290FFA65006D2628 /* UIView+Extension.swift in Sources */,
				6B816383290FF67A006D2628 /* FilterTableViewCell.swift in Sources */,
				09733451290842EB00694466 /* MyUserService.swift in Sources */,
				D58C64DA28AD6D1F00B07C9C /* DefaultKeys.swift in Sources */,
				6B6616A928D0B58700146E75 /* SearchViewController.swift in Sources */,
				6BA8053C28A9E80700B899A5 /* Utils.swift in Sources */,
				6B6616A328D0B30B00146E75 /* MyNavigationViewController.swift in Sources */,
				D572250E28A678D400112751 /* Font.swift in Sources */,
				D571105428B5DCBB00B24812 /* Const.swift in Sources */,
				6B81637F290FF651006D2628 /* DetailViewController.swift in Sources */,
				D57224E528A6645400112751 /* SceneDelegate.swift in Sources */,
				09587B9128FED511000E27F4 /* HeaderView.swift in Sources */,
				6BA8053728A941DA00B899A5 /* Layout.swift in Sources */,
				6B81637D290FF638006D2628 /* FilterViewController.swift in Sources */,
				D575395528B36338006645F7 /* Header.swift in Sources */,
				6BA8053A28A9424B00B899A5 /* LoginButton.swift in Sources */,
				097334432907A14B00694466 /* AlertViewController.swift in Sources */,
				6B6616B028D0BD5F00146E75 /* SplashViewController.swift in Sources */,
				6BA8053E28A9F2AE00B899A5 /* LoginViewModel.swift in Sources */,
				D572250A28A6774700112751 /* R.generated.swift in Sources */,
				D572251028A6794700112751 /* Color.swift in Sources */,
				D5540FAF28E4545F003737D7 /* SubView.swift in Sources */,
				D5540FB628E45A5D003737D7 /* HomeUserResponse.swift in Sources */,
				6B81637B290FF600006D2628 /* Bookmark.swift in Sources */,
				09587B8F28FEB4F9000E27F4 /* HomeBookResponse.swift in Sources */,
				6B81639A29114AAD006D2628 /* SeachModel.swift in Sources */,
				D571105E28B5FCE800B24812 /* MoyaLoggingPlugin.swift in Sources */,
				6BA8053128A9415300B899A5 /* LoginViewController.swift in Sources */,
				6B6616B228D0C27600146E75 /* UITabBar+Extension.swift in Sources */,
				6B816393290FFA6F006D2628 /* UILabel+Extension.swift in Sources */,
				6B816366290FF422006D2628 /* SearchTableViewCell.swift in Sources */,
				D5540FAD28E4543D003737D7 /* HomeBook.swift in Sources */,
				6B816377290FF594006D2628 /* ViewModelType.swift in Sources */,
				6B6616A128D0B2EB00146E75 /* SearchNavigationViewController.swift in Sources */,
				6B81639D291204C4006D2628 /* KeywordModel.swift in Sources */,
				6BA3203D2917C41800328E87 /* RectangleButton.swift in Sources */,
				09587B1628F5E875000E27F4 /* MyBookList.swift in Sources */,
				6B816375290FF585006D2628 /* ReusableView.swift in Sources */,
				6B81639829114A53006D2628 /* NetworkWrapper.swift in Sources */,
				6B81639F29120C71006D2628 /* KeywordCollectionViewCell.swift in Sources */,
				09587B1228F5E3C4000E27F4 /* MySubView.swift in Sources */,
				09587B1828F5E8A5000E27F4 /* MyListItem .swift in Sources */,
				6B81636D290FF4BA006D2628 /* ParentViewController.swift in Sources */,
				6B81639529114397006D2628 /* SearchService.swift in Sources */,
				D5540FB228E455B6003737D7 /* HomeUserAPI.swift in Sources */,
				6BA8053528A9418700B899A5 /* LoginType.swift in Sources */,
				D571105A28B5E75600B24812 /* JoinResponse.swift in Sources */,
				6B6616AD28D0B93600146E75 /* UITabBarItem+Extension.swift in Sources */,
				0984B1E8290845FD00441F32 /* MyResponse.swift in Sources */,
				6B6616AB28D0B59000146E75 /* MyViewController.swift in Sources */,
				0973344A290836E000694466 /* ConfirmView.swift in Sources */,
				6B816387290FF69F006D2628 /* LeftAlignmentCollectionViewFlowLayout.swift in Sources */,
				D5540FAB28E45410003737D7 /* HomeTitle.swift in Sources */,
				6B816389290FF6BC006D2628 /* FilterViewModel.swift in Sources */,
				D572251328A67A5D00112751 /* Strings.swift in Sources */,
				0973344129069DB000694466 /* AlertView.swift in Sources */,
				6B81636B290FF49B006D2628 /* ParentMainViewController.swift in Sources */,
				6B66169F28D0B2C100146E75 /* HomeNavigationViewController.swift in Sources */,
				D571105828B5E72F00B24812 /* LogInResponse.swift in Sources */,
				D575394728B3367A006645F7 /* NetworkResult.swift in Sources */,
				6B816368290FF469006D2628 /* SearchViewModel.swift in Sources */,
			);
			runOnlyForDeploymentPostprocessing = 0;
		};
/* End PBXSourcesBuildPhase section */

/* Begin PBXVariantGroup section */
		D57224E828A6645400112751 /* Main.storyboard */ = {
			isa = PBXVariantGroup;
			children = (
				D57224E928A6645400112751 /* Base */,
			);
			name = Main.storyboard;
			sourceTree = "<group>";
		};
		D57224ED28A6645700112751 /* LaunchScreen.storyboard */ = {
			isa = PBXVariantGroup;
			children = (
				D57224EE28A6645700112751 /* Base */,
			);
			name = LaunchScreen.storyboard;
			sourceTree = "<group>";
		};
/* End PBXVariantGroup section */

/* Begin XCBuildConfiguration section */
		D57224F128A6645700112751 /* Debug */ = {
			isa = XCBuildConfiguration;
			baseConfigurationReference = D59E012A28A7D2470071E0CA /* Config.xcconfig */;
			buildSettings = {
				ALWAYS_SEARCH_USER_PATHS = NO;
				CLANG_ANALYZER_NONNULL = YES;
				CLANG_ANALYZER_NUMBER_OBJECT_CONVERSION = YES_AGGRESSIVE;
				CLANG_CXX_LANGUAGE_STANDARD = "gnu++17";
				CLANG_ENABLE_MODULES = YES;
				CLANG_ENABLE_OBJC_ARC = YES;
				CLANG_ENABLE_OBJC_WEAK = YES;
				CLANG_WARN_BLOCK_CAPTURE_AUTORELEASING = YES;
				CLANG_WARN_BOOL_CONVERSION = YES;
				CLANG_WARN_COMMA = YES;
				CLANG_WARN_CONSTANT_CONVERSION = YES;
				CLANG_WARN_DEPRECATED_OBJC_IMPLEMENTATIONS = YES;
				CLANG_WARN_DIRECT_OBJC_ISA_USAGE = YES_ERROR;
				CLANG_WARN_DOCUMENTATION_COMMENTS = YES;
				CLANG_WARN_EMPTY_BODY = YES;
				CLANG_WARN_ENUM_CONVERSION = YES;
				CLANG_WARN_INFINITE_RECURSION = YES;
				CLANG_WARN_INT_CONVERSION = YES;
				CLANG_WARN_NON_LITERAL_NULL_CONVERSION = YES;
				CLANG_WARN_OBJC_IMPLICIT_RETAIN_SELF = YES;
				CLANG_WARN_OBJC_LITERAL_CONVERSION = YES;
				CLANG_WARN_OBJC_ROOT_CLASS = YES_ERROR;
				CLANG_WARN_QUOTED_INCLUDE_IN_FRAMEWORK_HEADER = YES;
				CLANG_WARN_RANGE_LOOP_ANALYSIS = YES;
				CLANG_WARN_STRICT_PROTOTYPES = YES;
				CLANG_WARN_SUSPICIOUS_MOVE = YES;
				CLANG_WARN_UNGUARDED_AVAILABILITY = YES_AGGRESSIVE;
				CLANG_WARN_UNREACHABLE_CODE = YES;
				CLANG_WARN__DUPLICATE_METHOD_MATCH = YES;
				COPY_PHASE_STRIP = NO;
				DEBUG_INFORMATION_FORMAT = dwarf;
				ENABLE_STRICT_OBJC_MSGSEND = YES;
				ENABLE_TESTABILITY = YES;
				GCC_C_LANGUAGE_STANDARD = gnu11;
				GCC_DYNAMIC_NO_PIC = NO;
				GCC_NO_COMMON_BLOCKS = YES;
				GCC_OPTIMIZATION_LEVEL = 0;
				GCC_PREPROCESSOR_DEFINITIONS = (
					"DEBUG=1",
					"$(inherited)",
				);
				GCC_WARN_64_TO_32_BIT_CONVERSION = YES;
				GCC_WARN_ABOUT_RETURN_TYPE = YES_ERROR;
				GCC_WARN_UNDECLARED_SELECTOR = YES;
				GCC_WARN_UNINITIALIZED_AUTOS = YES_AGGRESSIVE;
				GCC_WARN_UNUSED_FUNCTION = YES;
				GCC_WARN_UNUSED_VARIABLE = YES;
				IPHONEOS_DEPLOYMENT_TARGET = 15.0;
				MTL_ENABLE_DEBUG_INFO = INCLUDE_SOURCE;
				MTL_FAST_MATH = YES;
				ONLY_ACTIVE_ARCH = YES;
				SDKROOT = iphoneos;
				SWIFT_ACTIVE_COMPILATION_CONDITIONS = DEBUG;
				SWIFT_OPTIMIZATION_LEVEL = "-Onone";
			};
			name = Debug;
		};
		D57224F228A6645700112751 /* Release */ = {
			isa = XCBuildConfiguration;
			baseConfigurationReference = D59E012A28A7D2470071E0CA /* Config.xcconfig */;
			buildSettings = {
				ALWAYS_SEARCH_USER_PATHS = NO;
				CLANG_ANALYZER_NONNULL = YES;
				CLANG_ANALYZER_NUMBER_OBJECT_CONVERSION = YES_AGGRESSIVE;
				CLANG_CXX_LANGUAGE_STANDARD = "gnu++17";
				CLANG_ENABLE_MODULES = YES;
				CLANG_ENABLE_OBJC_ARC = YES;
				CLANG_ENABLE_OBJC_WEAK = YES;
				CLANG_WARN_BLOCK_CAPTURE_AUTORELEASING = YES;
				CLANG_WARN_BOOL_CONVERSION = YES;
				CLANG_WARN_COMMA = YES;
				CLANG_WARN_CONSTANT_CONVERSION = YES;
				CLANG_WARN_DEPRECATED_OBJC_IMPLEMENTATIONS = YES;
				CLANG_WARN_DIRECT_OBJC_ISA_USAGE = YES_ERROR;
				CLANG_WARN_DOCUMENTATION_COMMENTS = YES;
				CLANG_WARN_EMPTY_BODY = YES;
				CLANG_WARN_ENUM_CONVERSION = YES;
				CLANG_WARN_INFINITE_RECURSION = YES;
				CLANG_WARN_INT_CONVERSION = YES;
				CLANG_WARN_NON_LITERAL_NULL_CONVERSION = YES;
				CLANG_WARN_OBJC_IMPLICIT_RETAIN_SELF = YES;
				CLANG_WARN_OBJC_LITERAL_CONVERSION = YES;
				CLANG_WARN_OBJC_ROOT_CLASS = YES_ERROR;
				CLANG_WARN_QUOTED_INCLUDE_IN_FRAMEWORK_HEADER = YES;
				CLANG_WARN_RANGE_LOOP_ANALYSIS = YES;
				CLANG_WARN_STRICT_PROTOTYPES = YES;
				CLANG_WARN_SUSPICIOUS_MOVE = YES;
				CLANG_WARN_UNGUARDED_AVAILABILITY = YES_AGGRESSIVE;
				CLANG_WARN_UNREACHABLE_CODE = YES;
				CLANG_WARN__DUPLICATE_METHOD_MATCH = YES;
				COPY_PHASE_STRIP = NO;
				DEBUG_INFORMATION_FORMAT = "dwarf-with-dsym";
				ENABLE_NS_ASSERTIONS = NO;
				ENABLE_STRICT_OBJC_MSGSEND = YES;
				GCC_C_LANGUAGE_STANDARD = gnu11;
				GCC_NO_COMMON_BLOCKS = YES;
				GCC_WARN_64_TO_32_BIT_CONVERSION = YES;
				GCC_WARN_ABOUT_RETURN_TYPE = YES_ERROR;
				GCC_WARN_UNDECLARED_SELECTOR = YES;
				GCC_WARN_UNINITIALIZED_AUTOS = YES_AGGRESSIVE;
				GCC_WARN_UNUSED_FUNCTION = YES;
				GCC_WARN_UNUSED_VARIABLE = YES;
				IPHONEOS_DEPLOYMENT_TARGET = 15.0;
				MTL_ENABLE_DEBUG_INFO = NO;
				MTL_FAST_MATH = YES;
				SDKROOT = iphoneos;
				SWIFT_COMPILATION_MODE = wholemodule;
				SWIFT_OPTIMIZATION_LEVEL = "-O";
				VALIDATE_PRODUCT = YES;
			};
			name = Release;
		};
		D57224F428A6645700112751 /* Debug */ = {
			isa = XCBuildConfiguration;
			baseConfigurationReference = 9D50FE2B9A382EC74E8A719F /* Pods-viside-ios.debug.xcconfig */;
			buildSettings = {
				ASSETCATALOG_COMPILER_APPICON_NAME = AppIcon;
				ASSETCATALOG_COMPILER_GLOBAL_ACCENT_COLOR_NAME = AccentColor;
				CODE_SIGN_ENTITLEMENTS = "viside-ios/viside-ios.entitlements";
				CODE_SIGN_STYLE = Automatic;
				CURRENT_PROJECT_VERSION = 1;
				DEVELOPMENT_TEAM = ZLLGCJ8XUL;
				GENERATE_INFOPLIST_FILE = YES;
				INFOPLIST_FILE = "viside-ios/Info.plist";
				INFOPLIST_KEY_UIApplicationSupportsIndirectInputEvents = YES;
				INFOPLIST_KEY_UILaunchStoryboardName = LaunchScreen;
				INFOPLIST_KEY_UIMainStoryboardFile = Main;
				INFOPLIST_KEY_UISupportedInterfaceOrientations_iPad = "UIInterfaceOrientationPortrait UIInterfaceOrientationPortraitUpsideDown UIInterfaceOrientationLandscapeLeft UIInterfaceOrientationLandscapeRight";
				INFOPLIST_KEY_UISupportedInterfaceOrientations_iPhone = "UIInterfaceOrientationPortrait UIInterfaceOrientationLandscapeLeft UIInterfaceOrientationLandscapeRight";
				LD_RUNPATH_SEARCH_PATHS = (
					"$(inherited)",
					"@executable_path/Frameworks",
				);
				MARKETING_VERSION = 1.0;
				PRODUCT_BUNDLE_IDENTIFIER = "com.jeuniii.viside-ios";
				PRODUCT_NAME = "$(TARGET_NAME)";
				SWIFT_EMIT_LOC_STRINGS = YES;
				SWIFT_VERSION = 5.0;
				TARGETED_DEVICE_FAMILY = "1,2";
			};
			name = Debug;
		};
		D57224F528A6645700112751 /* Release */ = {
			isa = XCBuildConfiguration;
			baseConfigurationReference = B9D96D0EE6CD481D80138A8A /* Pods-viside-ios.release.xcconfig */;
			buildSettings = {
				ASSETCATALOG_COMPILER_APPICON_NAME = AppIcon;
				ASSETCATALOG_COMPILER_GLOBAL_ACCENT_COLOR_NAME = AccentColor;
				CODE_SIGN_ENTITLEMENTS = "viside-ios/viside-ios.entitlements";
				CODE_SIGN_STYLE = Automatic;
				CURRENT_PROJECT_VERSION = 1;
				DEVELOPMENT_TEAM = ZLLGCJ8XUL;
				GENERATE_INFOPLIST_FILE = YES;
				INFOPLIST_FILE = "viside-ios/Info.plist";
				INFOPLIST_KEY_UIApplicationSupportsIndirectInputEvents = YES;
				INFOPLIST_KEY_UILaunchStoryboardName = LaunchScreen;
				INFOPLIST_KEY_UIMainStoryboardFile = Main;
				INFOPLIST_KEY_UISupportedInterfaceOrientations_iPad = "UIInterfaceOrientationPortrait UIInterfaceOrientationPortraitUpsideDown UIInterfaceOrientationLandscapeLeft UIInterfaceOrientationLandscapeRight";
				INFOPLIST_KEY_UISupportedInterfaceOrientations_iPhone = "UIInterfaceOrientationPortrait UIInterfaceOrientationLandscapeLeft UIInterfaceOrientationLandscapeRight";
				LD_RUNPATH_SEARCH_PATHS = (
					"$(inherited)",
					"@executable_path/Frameworks",
				);
				MARKETING_VERSION = 1.0;
				PRODUCT_BUNDLE_IDENTIFIER = "com.jeuniii.viside-ios";
				PRODUCT_NAME = "$(TARGET_NAME)";
				SWIFT_EMIT_LOC_STRINGS = YES;
				SWIFT_VERSION = 5.0;
				TARGETED_DEVICE_FAMILY = "1,2";
			};
			name = Release;
		};
/* End XCBuildConfiguration section */

/* Begin XCConfigurationList section */
		D57224DA28A6645400112751 /* Build configuration list for PBXProject "viside-ios" */ = {
			isa = XCConfigurationList;
			buildConfigurations = (
				D57224F128A6645700112751 /* Debug */,
				D57224F228A6645700112751 /* Release */,
			);
			defaultConfigurationIsVisible = 0;
			defaultConfigurationName = Release;
		};
		D57224F328A6645700112751 /* Build configuration list for PBXNativeTarget "viside-ios" */ = {
			isa = XCConfigurationList;
			buildConfigurations = (
				D57224F428A6645700112751 /* Debug */,
				D57224F528A6645700112751 /* Release */,
			);
			defaultConfigurationIsVisible = 0;
			defaultConfigurationName = Release;
		};
/* End XCConfigurationList section */
	};
	rootObject = D57224D728A6645400112751 /* Project object */;
}
