// !$*UTF8*$!
{
	archiveVersion = 1;
	classes = {
	};
	objectVersion = 55;
	objects = {

/* Begin PBXBuildFile section */
		2D1BF299F23FC2F7C2D2BC1A /* Pods_viside_ios.framework in Frameworks */ = {isa = PBXBuildFile; fileRef = 1D98CEE709AFA9A03F507E60 /* Pods_viside_ios.framework */; };
		6BA8053128A9415300B899A5 /* LoginViewController.swift in Sources */ = {isa = PBXBuildFile; fileRef = 6BA8053028A9415300B899A5 /* LoginViewController.swift */; };
		6BA8053528A9418700B899A5 /* LoginType.swift in Sources */ = {isa = PBXBuildFile; fileRef = 6BA8053428A9418700B899A5 /* LoginType.swift */; };
		6BA8053728A941DA00B899A5 /* Layout.swift in Sources */ = {isa = PBXBuildFile; fileRef = 6BA8053628A941DA00B899A5 /* Layout.swift */; };
		6BA8053A28A9424B00B899A5 /* LoginButton.swift in Sources */ = {isa = PBXBuildFile; fileRef = 6BA8053928A9424B00B899A5 /* LoginButton.swift */; };
		6BA8053C28A9E80700B899A5 /* Utils.swift in Sources */ = {isa = PBXBuildFile; fileRef = 6BA8053B28A9E80700B899A5 /* Utils.swift */; };
		6BA8053E28A9F2AE00B899A5 /* LoginViewModel.swift in Sources */ = {isa = PBXBuildFile; fileRef = 6BA8053D28A9F2AE00B899A5 /* LoginViewModel.swift */; };
		D571105428B5DCBB00B24812 /* Const.swift in Sources */ = {isa = PBXBuildFile; fileRef = D571105328B5DCBB00B24812 /* Const.swift */; };
		D571105828B5E72F00B24812 /* LogInResponse.swift in Sources */ = {isa = PBXBuildFile; fileRef = D571105728B5E72F00B24812 /* LogInResponse.swift */; };
		D571105A28B5E75600B24812 /* JoinResponse.swift in Sources */ = {isa = PBXBuildFile; fileRef = D571105928B5E75600B24812 /* JoinResponse.swift */; };
		D571105E28B5FCE800B24812 /* MoyaLoggingPlugin.swift in Sources */ = {isa = PBXBuildFile; fileRef = D571105D28B5FCE800B24812 /* MoyaLoggingPlugin.swift */; };
		D57224E328A6645400112751 /* AppDelegate.swift in Sources */ = {isa = PBXBuildFile; fileRef = D57224E228A6645400112751 /* AppDelegate.swift */; };
		D57224E528A6645400112751 /* SceneDelegate.swift in Sources */ = {isa = PBXBuildFile; fileRef = D57224E428A6645400112751 /* SceneDelegate.swift */; };
		D57224E728A6645400112751 /* ViewController.swift in Sources */ = {isa = PBXBuildFile; fileRef = D57224E628A6645400112751 /* ViewController.swift */; };
		D57224EA28A6645400112751 /* Main.storyboard in Resources */ = {isa = PBXBuildFile; fileRef = D57224E828A6645400112751 /* Main.storyboard */; };
		D57224EC28A6645700112751 /* Assets.xcassets in Resources */ = {isa = PBXBuildFile; fileRef = D57224EB28A6645700112751 /* Assets.xcassets */; };
		D57224EF28A6645700112751 /* LaunchScreen.storyboard in Resources */ = {isa = PBXBuildFile; fileRef = D57224ED28A6645700112751 /* LaunchScreen.storyboard */; };
		D572250428A6756400112751 /* SpoqaHanSansNeo-Medium.otf in Resources */ = {isa = PBXBuildFile; fileRef = D57224FF28A6756100112751 /* SpoqaHanSansNeo-Medium.otf */; };
		D572250528A6756400112751 /* SpoqaHanSansNeo-Light.otf in Resources */ = {isa = PBXBuildFile; fileRef = D572250028A6756200112751 /* SpoqaHanSansNeo-Light.otf */; };
		D572250628A6756400112751 /* SpoqaHanSansNeo-Regular.otf in Resources */ = {isa = PBXBuildFile; fileRef = D572250128A6756200112751 /* SpoqaHanSansNeo-Regular.otf */; };
		D572250728A6756400112751 /* SpoqaHanSansNeo-Bold.otf in Resources */ = {isa = PBXBuildFile; fileRef = D572250228A6756300112751 /* SpoqaHanSansNeo-Bold.otf */; };
		D572250828A6756400112751 /* SpoqaHanSansNeo-Thin.otf in Resources */ = {isa = PBXBuildFile; fileRef = D572250328A6756400112751 /* SpoqaHanSansNeo-Thin.otf */; };
		D572250A28A6774700112751 /* R.generated.swift in Sources */ = {isa = PBXBuildFile; fileRef = D572250928A6774700112751 /* R.generated.swift */; };
		D572250E28A678D400112751 /* Font.swift in Sources */ = {isa = PBXBuildFile; fileRef = D572250D28A678D400112751 /* Font.swift */; };
		D572251028A6794700112751 /* Color.swift in Sources */ = {isa = PBXBuildFile; fileRef = D572250F28A6794700112751 /* Color.swift */; };
		D572251328A67A5D00112751 /* Strings.swift in Sources */ = {isa = PBXBuildFile; fileRef = D572251228A67A5D00112751 /* Strings.swift */; };
		D575393F28B330F3006645F7 /* URL.swift in Sources */ = {isa = PBXBuildFile; fileRef = D575393E28B330F3006645F7 /* URL.swift */; };
		D575394228B334F4006645F7 /* UserAPI.swift in Sources */ = {isa = PBXBuildFile; fileRef = D575394128B334F4006645F7 /* UserAPI.swift */; };
		D575394428B33502006645F7 /* UserService.swift in Sources */ = {isa = PBXBuildFile; fileRef = D575394328B33502006645F7 /* UserService.swift */; };
		D575394728B3367A006645F7 /* NetworkResult.swift in Sources */ = {isa = PBXBuildFile; fileRef = D575394628B3367A006645F7 /* NetworkResult.swift */; };
		D575395528B36338006645F7 /* Header.swift in Sources */ = {isa = PBXBuildFile; fileRef = D575395428B36337006645F7 /* Header.swift */; };
		D58C64DA28AD6D1F00B07C9C /* DefaultKeys.swift in Sources */ = {isa = PBXBuildFile; fileRef = D58C64D928AD6D1F00B07C9C /* DefaultKeys.swift */; };
		D59E013028A7D7D50071E0CA /* KakaoAuthViewModel.swift in Sources */ = {isa = PBXBuildFile; fileRef = D59E012F28A7D7D50071E0CA /* KakaoAuthViewModel.swift */; };
		D5E9242D28A915D8001E7560 /* GoogleService-Info.plist in Resources */ = {isa = PBXBuildFile; fileRef = D5E9242C28A915D8001E7560 /* GoogleService-Info.plist */; };
/* End PBXBuildFile section */

/* Begin PBXFileReference section */
		1D98CEE709AFA9A03F507E60 /* Pods_viside_ios.framework */ = {isa = PBXFileReference; explicitFileType = wrapper.framework; includeInIndex = 0; path = Pods_viside_ios.framework; sourceTree = BUILT_PRODUCTS_DIR; };
		6BA8053028A9415300B899A5 /* LoginViewController.swift */ = {isa = PBXFileReference; lastKnownFileType = sourcecode.swift; path = LoginViewController.swift; sourceTree = "<group>"; };
		6BA8053428A9418700B899A5 /* LoginType.swift */ = {isa = PBXFileReference; lastKnownFileType = sourcecode.swift; path = LoginType.swift; sourceTree = "<group>"; };
		6BA8053628A941DA00B899A5 /* Layout.swift */ = {isa = PBXFileReference; lastKnownFileType = sourcecode.swift; path = Layout.swift; sourceTree = "<group>"; };
		6BA8053928A9424B00B899A5 /* LoginButton.swift */ = {isa = PBXFileReference; lastKnownFileType = sourcecode.swift; path = LoginButton.swift; sourceTree = "<group>"; };
		6BA8053B28A9E80700B899A5 /* Utils.swift */ = {isa = PBXFileReference; lastKnownFileType = sourcecode.swift; path = Utils.swift; sourceTree = "<group>"; };
		6BA8053D28A9F2AE00B899A5 /* LoginViewModel.swift */ = {isa = PBXFileReference; lastKnownFileType = sourcecode.swift; path = LoginViewModel.swift; sourceTree = "<group>"; };
		9D50FE2B9A382EC74E8A719F /* Pods-viside-ios.debug.xcconfig */ = {isa = PBXFileReference; includeInIndex = 1; lastKnownFileType = text.xcconfig; name = "Pods-viside-ios.debug.xcconfig"; path = "Target Support Files/Pods-viside-ios/Pods-viside-ios.debug.xcconfig"; sourceTree = "<group>"; };
		B9D96D0EE6CD481D80138A8A /* Pods-viside-ios.release.xcconfig */ = {isa = PBXFileReference; includeInIndex = 1; lastKnownFileType = text.xcconfig; name = "Pods-viside-ios.release.xcconfig"; path = "Target Support Files/Pods-viside-ios/Pods-viside-ios.release.xcconfig"; sourceTree = "<group>"; };
		D571105328B5DCBB00B24812 /* Const.swift */ = {isa = PBXFileReference; lastKnownFileType = sourcecode.swift; path = Const.swift; sourceTree = "<group>"; };
		D571105728B5E72F00B24812 /* LogInResponse.swift */ = {isa = PBXFileReference; lastKnownFileType = sourcecode.swift; path = LogInResponse.swift; sourceTree = "<group>"; };
		D571105928B5E75600B24812 /* JoinResponse.swift */ = {isa = PBXFileReference; lastKnownFileType = sourcecode.swift; path = JoinResponse.swift; sourceTree = "<group>"; };
		D571105D28B5FCE800B24812 /* MoyaLoggingPlugin.swift */ = {isa = PBXFileReference; lastKnownFileType = sourcecode.swift; path = MoyaLoggingPlugin.swift; sourceTree = "<group>"; };
		D57224DF28A6645400112751 /* viside-ios.app */ = {isa = PBXFileReference; explicitFileType = wrapper.application; includeInIndex = 0; path = "viside-ios.app"; sourceTree = BUILT_PRODUCTS_DIR; };
		D57224E228A6645400112751 /* AppDelegate.swift */ = {isa = PBXFileReference; lastKnownFileType = sourcecode.swift; path = AppDelegate.swift; sourceTree = "<group>"; };
		D57224E428A6645400112751 /* SceneDelegate.swift */ = {isa = PBXFileReference; lastKnownFileType = sourcecode.swift; path = SceneDelegate.swift; sourceTree = "<group>"; };
		D57224E628A6645400112751 /* ViewController.swift */ = {isa = PBXFileReference; lastKnownFileType = sourcecode.swift; path = ViewController.swift; sourceTree = "<group>"; };
		D57224E928A6645400112751 /* Base */ = {isa = PBXFileReference; lastKnownFileType = file.storyboard; name = Base; path = Base.lproj/Main.storyboard; sourceTree = "<group>"; };
		D57224EB28A6645700112751 /* Assets.xcassets */ = {isa = PBXFileReference; lastKnownFileType = folder.assetcatalog; path = Assets.xcassets; sourceTree = "<group>"; };
		D57224EE28A6645700112751 /* Base */ = {isa = PBXFileReference; lastKnownFileType = file.storyboard; name = Base; path = Base.lproj/LaunchScreen.storyboard; sourceTree = "<group>"; };
		D57224F028A6645700112751 /* Info.plist */ = {isa = PBXFileReference; lastKnownFileType = text.plist.xml; path = Info.plist; sourceTree = "<group>"; };
		D57224FF28A6756100112751 /* SpoqaHanSansNeo-Medium.otf */ = {isa = PBXFileReference; lastKnownFileType = file; path = "SpoqaHanSansNeo-Medium.otf"; sourceTree = "<group>"; };
		D572250028A6756200112751 /* SpoqaHanSansNeo-Light.otf */ = {isa = PBXFileReference; lastKnownFileType = file; path = "SpoqaHanSansNeo-Light.otf"; sourceTree = "<group>"; };
		D572250128A6756200112751 /* SpoqaHanSansNeo-Regular.otf */ = {isa = PBXFileReference; lastKnownFileType = file; path = "SpoqaHanSansNeo-Regular.otf"; sourceTree = "<group>"; };
		D572250228A6756300112751 /* SpoqaHanSansNeo-Bold.otf */ = {isa = PBXFileReference; lastKnownFileType = file; path = "SpoqaHanSansNeo-Bold.otf"; sourceTree = "<group>"; };
		D572250328A6756400112751 /* SpoqaHanSansNeo-Thin.otf */ = {isa = PBXFileReference; lastKnownFileType = file; path = "SpoqaHanSansNeo-Thin.otf"; sourceTree = "<group>"; };
		D572250928A6774700112751 /* R.generated.swift */ = {isa = PBXFileReference; fileEncoding = 4; lastKnownFileType = sourcecode.swift; path = R.generated.swift; sourceTree = "<group>"; };
		D572250D28A678D400112751 /* Font.swift */ = {isa = PBXFileReference; lastKnownFileType = sourcecode.swift; path = Font.swift; sourceTree = "<group>"; };
		D572250F28A6794700112751 /* Color.swift */ = {isa = PBXFileReference; lastKnownFileType = sourcecode.swift; path = Color.swift; sourceTree = "<group>"; };
		D572251228A67A5D00112751 /* Strings.swift */ = {isa = PBXFileReference; lastKnownFileType = sourcecode.swift; path = Strings.swift; sourceTree = "<group>"; };
		D575393E28B330F3006645F7 /* URL.swift */ = {isa = PBXFileReference; lastKnownFileType = sourcecode.swift; path = URL.swift; sourceTree = "<group>"; };
		D575394128B334F4006645F7 /* UserAPI.swift */ = {isa = PBXFileReference; lastKnownFileType = sourcecode.swift; path = UserAPI.swift; sourceTree = "<group>"; };
		D575394328B33502006645F7 /* UserService.swift */ = {isa = PBXFileReference; lastKnownFileType = sourcecode.swift; path = UserService.swift; sourceTree = "<group>"; };
		D575394628B3367A006645F7 /* NetworkResult.swift */ = {isa = PBXFileReference; lastKnownFileType = sourcecode.swift; path = NetworkResult.swift; sourceTree = "<group>"; };
		D575395428B36337006645F7 /* Header.swift */ = {isa = PBXFileReference; lastKnownFileType = sourcecode.swift; path = Header.swift; sourceTree = "<group>"; };
		D58C64D928AD6D1F00B07C9C /* DefaultKeys.swift */ = {isa = PBXFileReference; lastKnownFileType = sourcecode.swift; path = DefaultKeys.swift; sourceTree = "<group>"; };
		D59E012728A7C84D0071E0CA /* viside-ios.entitlements */ = {isa = PBXFileReference; lastKnownFileType = text.plist.entitlements; path = "viside-ios.entitlements"; sourceTree = "<group>"; };
		D59E012A28A7D2470071E0CA /* Config.xcconfig */ = {isa = PBXFileReference; lastKnownFileType = text.xcconfig; path = Config.xcconfig; sourceTree = "<group>"; };
		D59E012F28A7D7D50071E0CA /* KakaoAuthViewModel.swift */ = {isa = PBXFileReference; lastKnownFileType = sourcecode.swift; path = KakaoAuthViewModel.swift; sourceTree = "<group>"; };
		D5E9242C28A915D8001E7560 /* GoogleService-Info.plist */ = {isa = PBXFileReference; fileEncoding = 4; lastKnownFileType = text.plist.xml; path = "GoogleService-Info.plist"; sourceTree = "<group>"; };
/* End PBXFileReference section */

/* Begin PBXFrameworksBuildPhase section */
		D57224DC28A6645400112751 /* Frameworks */ = {
			isa = PBXFrameworksBuildPhase;
			buildActionMask = 2147483647;
			files = (
				2D1BF299F23FC2F7C2D2BC1A /* Pods_viside_ios.framework in Frameworks */,
			);
			runOnlyForDeploymentPostprocessing = 0;
		};
/* End PBXFrameworksBuildPhase section */

/* Begin PBXGroup section */
		3856F61E359BCF8DB8658957 /* Frameworks */ = {
			isa = PBXGroup;
			children = (
				1D98CEE709AFA9A03F507E60 /* Pods_viside_ios.framework */,
			);
			name = Frameworks;
			sourceTree = "<group>";
		};
		4466D3BE272E18B5A6CB82D0 /* Pods */ = {
			isa = PBXGroup;
			children = (
				9D50FE2B9A382EC74E8A719F /* Pods-viside-ios.debug.xcconfig */,
				B9D96D0EE6CD481D80138A8A /* Pods-viside-ios.release.xcconfig */,
			);
			path = Pods;
			sourceTree = "<group>";
		};
		6BA8052D28A9413200B899A5 /* Login */ = {
			isa = PBXGroup;
			children = (
				6BA8052E28A9413C00B899A5 /* ViewModel */,
				6BA8052F28A9414300B899A5 /* View */,
			);
			path = Login;
			sourceTree = "<group>";
		};
		6BA8052E28A9413C00B899A5 /* ViewModel */ = {
			isa = PBXGroup;
			children = (
				D59E012F28A7D7D50071E0CA /* KakaoAuthViewModel.swift */,
				6BA8053D28A9F2AE00B899A5 /* LoginViewModel.swift */,
			);
			path = ViewModel;
			sourceTree = "<group>";
		};
		6BA8052F28A9414300B899A5 /* View */ = {
			isa = PBXGroup;
			children = (
				6BA8053028A9415300B899A5 /* LoginViewController.swift */,
			);
			name = View;
			sourceTree = "<group>";
		};
		6BA8053228A9415B00B899A5 /* Protocol */ = {
			isa = PBXGroup;
			children = (
				6BA8053628A941DA00B899A5 /* Layout.swift */,
			);
			path = Protocol;
			sourceTree = "<group>";
		};
		6BA8053328A9416200B899A5 /* Enum */ = {
			isa = PBXGroup;
			children = (
				6BA8053428A9418700B899A5 /* LoginType.swift */,
			);
			path = Enum;
			sourceTree = "<group>";
		};
		6BA8053828A9423D00B899A5 /* Common */ = {
			isa = PBXGroup;
			children = (
				6BA8053928A9424B00B899A5 /* LoginButton.swift */,
			);
			path = Common;
			sourceTree = "<group>";
		};
		D571105228B5D98000B24812 /* ResponseModel */ = {
			isa = PBXGroup;
			children = (
				D571105728B5E72F00B24812 /* LogInResponse.swift */,
				D571105928B5E75600B24812 /* JoinResponse.swift */,
			);
			path = ResponseModel;
			sourceTree = "<group>";
		};
		D57224D628A6645400112751 = {
			isa = PBXGroup;
			children = (
				D572250928A6774700112751 /* R.generated.swift */,
				D57224E128A6645400112751 /* viside-ios */,
				D57224E028A6645400112751 /* Products */,
				4466D3BE272E18B5A6CB82D0 /* Pods */,
				3856F61E359BCF8DB8658957 /* Frameworks */,
			);
			sourceTree = "<group>";
		};
		D57224E028A6645400112751 /* Products */ = {
			isa = PBXGroup;
			children = (
				D57224DF28A6645400112751 /* viside-ios.app */,
			);
			name = Products;
			sourceTree = "<group>";
		};
		D57224E128A6645400112751 /* viside-ios */ = {
			isa = PBXGroup;
			children = (
				D59E012728A7C84D0071E0CA /* viside-ios.entitlements */,
				D57224FA28A6748B00112751 /* Global */,
				D57224FB28A674CC00112751 /* Screens */,
				D57224F028A6645700112751 /* Info.plist */,
				D5E9242C28A915D8001E7560 /* GoogleService-Info.plist */,
			);
			path = "viside-ios";
			sourceTree = "<group>";
		};
		D57224FA28A6748B00112751 /* Global */ = {
			isa = PBXGroup;
			children = (
				D575393C28B32FFE006645F7 /* Network */,
				D58C64DB28AD6D2600B07C9C /* Struct */,
				6BA8053228A9415B00B899A5 /* Protocol */,
				6BA8053328A9416200B899A5 /* Enum */,
				D572250B28A678BF00112751 /* Utils */,
				D57224FC28A6752E00112751 /* Delegate */,
				D57224FD28A6753800112751 /* Resources */,
				D592198228A811850067BD7E /* Config */,
			);
			path = Global;
			sourceTree = "<group>";
		};
		D57224FB28A674CC00112751 /* Screens */ = {
			isa = PBXGroup;
			children = (
				6BA8053828A9423D00B899A5 /* Common */,
				6BA8052D28A9413200B899A5 /* Login */,
				D57224ED28A6645700112751 /* LaunchScreen.storyboard */,
				D57224E628A6645400112751 /* ViewController.swift */,
				D57224E828A6645400112751 /* Main.storyboard */,
			);
			path = Screens;
			sourceTree = "<group>";
		};
		D57224FC28A6752E00112751 /* Delegate */ = {
			isa = PBXGroup;
			children = (
				D57224E228A6645400112751 /* AppDelegate.swift */,
				D57224E428A6645400112751 /* SceneDelegate.swift */,
			);
			path = Delegate;
			sourceTree = "<group>";
		};
		D57224FD28A6753800112751 /* Resources */ = {
			isa = PBXGroup;
			children = (
				D57224FE28A6754600112751 /* Font */,
				D57224EB28A6645700112751 /* Assets.xcassets */,
			);
			path = Resources;
			sourceTree = "<group>";
		};
		D57224FE28A6754600112751 /* Font */ = {
			isa = PBXGroup;
			children = (
				D572250228A6756300112751 /* SpoqaHanSansNeo-Bold.otf */,
				D572250028A6756200112751 /* SpoqaHanSansNeo-Light.otf */,
				D57224FF28A6756100112751 /* SpoqaHanSansNeo-Medium.otf */,
				D572250128A6756200112751 /* SpoqaHanSansNeo-Regular.otf */,
				D572250328A6756400112751 /* SpoqaHanSansNeo-Thin.otf */,
			);
			path = Font;
			sourceTree = "<group>";
		};
		D572250B28A678BF00112751 /* Utils */ = {
			isa = PBXGroup;
			children = (
				D572251128A67A5400112751 /* String */,
				D572250C28A678C500112751 /* Design */,
				6BA8053B28A9E80700B899A5 /* Utils.swift */,
			);
			path = Utils;
			sourceTree = "<group>";
		};
		D572250C28A678C500112751 /* Design */ = {
			isa = PBXGroup;
			children = (
				D572250D28A678D400112751 /* Font.swift */,
				D572250F28A6794700112751 /* Color.swift */,
			);
			path = Design;
			sourceTree = "<group>";
		};
		D572251128A67A5400112751 /* String */ = {
			isa = PBXGroup;
			children = (
				D572251228A67A5D00112751 /* Strings.swift */,
			);
			path = String;
			sourceTree = "<group>";
		};
		D575393C28B32FFE006645F7 /* Network */ = {
			isa = PBXGroup;
			children = (
				D575395328B362C0006645F7 /* Resources */,
				D575394528B3366F006645F7 /* NetworkModel */,
				D575394028B333A2006645F7 /* NetworkService */,
			);
			path = Network;
			sourceTree = "<group>";
		};
		D575394028B333A2006645F7 /* NetworkService */ = {
			isa = PBXGroup;
			children = (
				D571105D28B5FCE800B24812 /* MoyaLoggingPlugin.swift */,
				D575395628B3667D006645F7 /* User */,
			);
			path = NetworkService;
			sourceTree = "<group>";
		};
		D575394528B3366F006645F7 /* NetworkModel */ = {
			isa = PBXGroup;
			children = (
				D575394628B3367A006645F7 /* NetworkResult.swift */,
				D575394828B336A6006645F7 /* User */,
			);
			path = NetworkModel;
			sourceTree = "<group>";
		};
		D575394828B336A6006645F7 /* User */ = {
			isa = PBXGroup;
			children = (
				D571105228B5D98000B24812 /* ResponseModel */,
			);
			path = User;
			sourceTree = "<group>";
		};
		D575395328B362C0006645F7 /* Resources */ = {
			isa = PBXGroup;
			children = (
				D571105328B5DCBB00B24812 /* Const.swift */,
				D575393E28B330F3006645F7 /* URL.swift */,
				D575395428B36337006645F7 /* Header.swift */,
			);
			path = Resources;
			sourceTree = "<group>";
		};
		D575395628B3667D006645F7 /* User */ = {
			isa = PBXGroup;
			children = (
				D575394128B334F4006645F7 /* UserAPI.swift */,
				D575394328B33502006645F7 /* UserService.swift */,
			);
			path = User;
			sourceTree = "<group>";
		};
		D58C64DB28AD6D2600B07C9C /* Struct */ = {
			isa = PBXGroup;
			children = (
				D58C64D928AD6D1F00B07C9C /* DefaultKeys.swift */,
			);
			path = Struct;
			sourceTree = "<group>";
		};
		D592198228A811850067BD7E /* Config */ = {
			isa = PBXGroup;
			children = (
				D59E012A28A7D2470071E0CA /* Config.xcconfig */,
			);
			path = Config;
			sourceTree = "<group>";
		};
/* End PBXGroup section */

/* Begin PBXNativeTarget section */
		D57224DE28A6645400112751 /* viside-ios */ = {
			isa = PBXNativeTarget;
			buildConfigurationList = D57224F328A6645700112751 /* Build configuration list for PBXNativeTarget "viside-ios" */;
			buildPhases = (
				62CFBBBBE410D0E7F49F4718 /* [CP] Check Pods Manifest.lock */,
				D57224F728A673C900112751 /* ShellScript */,
				D57224DB28A6645400112751 /* Sources */,
				D57224DC28A6645400112751 /* Frameworks */,
				D57224DD28A6645400112751 /* Resources */,
				5584157078E5128EE6DB107C /* [CP] Embed Pods Frameworks */,
			);
			buildRules = (
			);
			dependencies = (
			);
			name = "viside-ios";
			productName = "viside-ios";
			productReference = D57224DF28A6645400112751 /* viside-ios.app */;
			productType = "com.apple.product-type.application";
		};
/* End PBXNativeTarget section */

/* Begin PBXProject section */
		D57224D728A6645400112751 /* Project object */ = {
			isa = PBXProject;
			attributes = {
				BuildIndependentTargetsInParallel = 1;
				LastSwiftUpdateCheck = 1340;
				LastUpgradeCheck = 1340;
				TargetAttributes = {
					D57224DE28A6645400112751 = {
						CreatedOnToolsVersion = 13.4.1;
					};
				};
			};
			buildConfigurationList = D57224DA28A6645400112751 /* Build configuration list for PBXProject "viside-ios" */;
			compatibilityVersion = "Xcode 13.0";
			developmentRegion = en;
			hasScannedForEncodings = 0;
			knownRegions = (
				en,
				Base,
			);
			mainGroup = D57224D628A6645400112751;
			productRefGroup = D57224E028A6645400112751 /* Products */;
			projectDirPath = "";
			projectRoot = "";
			targets = (
				D57224DE28A6645400112751 /* viside-ios */,
			);
		};
/* End PBXProject section */

/* Begin PBXResourcesBuildPhase section */
		D57224DD28A6645400112751 /* Resources */ = {
			isa = PBXResourcesBuildPhase;
			buildActionMask = 2147483647;
			files = (
				D572250528A6756400112751 /* SpoqaHanSansNeo-Light.otf in Resources */,
				D572250828A6756400112751 /* SpoqaHanSansNeo-Thin.otf in Resources */,
				D5E9242D28A915D8001E7560 /* GoogleService-Info.plist in Resources */,
				D572250728A6756400112751 /* SpoqaHanSansNeo-Bold.otf in Resources */,
				D572250628A6756400112751 /* SpoqaHanSansNeo-Regular.otf in Resources */,
				D57224EF28A6645700112751 /* LaunchScreen.storyboard in Resources */,
				D572250428A6756400112751 /* SpoqaHanSansNeo-Medium.otf in Resources */,
				D57224EC28A6645700112751 /* Assets.xcassets in Resources */,
				D57224EA28A6645400112751 /* Main.storyboard in Resources */,
			);
			runOnlyForDeploymentPostprocessing = 0;
		};
/* End PBXResourcesBuildPhase section */

/* Begin PBXShellScriptBuildPhase section */
		5584157078E5128EE6DB107C /* [CP] Embed Pods Frameworks */ = {
			isa = PBXShellScriptBuildPhase;
			buildActionMask = 2147483647;
			files = (
			);
			inputFileListPaths = (
				"${PODS_ROOT}/Target Support Files/Pods-viside-ios/Pods-viside-ios-frameworks-${CONFIGURATION}-input-files.xcfilelist",
			);
			name = "[CP] Embed Pods Frameworks";
			outputFileListPaths = (
				"${PODS_ROOT}/Target Support Files/Pods-viside-ios/Pods-viside-ios-frameworks-${CONFIGURATION}-output-files.xcfilelist",
			);
			runOnlyForDeploymentPostprocessing = 0;
			shellPath = /bin/sh;
			shellScript = "\"${PODS_ROOT}/Target Support Files/Pods-viside-ios/Pods-viside-ios-frameworks.sh\"\n";
			showEnvVarsInLog = 0;
		};
		62CFBBBBE410D0E7F49F4718 /* [CP] Check Pods Manifest.lock */ = {
			isa = PBXShellScriptBuildPhase;
			buildActionMask = 2147483647;
			files = (
			);
			inputFileListPaths = (
			);
			inputPaths = (
				"${PODS_PODFILE_DIR_PATH}/Podfile.lock",
				"${PODS_ROOT}/Manifest.lock",
			);
			name = "[CP] Check Pods Manifest.lock";
			outputFileListPaths = (
			);
			outputPaths = (
				"$(DERIVED_FILE_DIR)/Pods-viside-ios-checkManifestLockResult.txt",
			);
			runOnlyForDeploymentPostprocessing = 0;
			shellPath = /bin/sh;
			shellScript = "diff \"${PODS_PODFILE_DIR_PATH}/Podfile.lock\" \"${PODS_ROOT}/Manifest.lock\" > /dev/null\nif [ $? != 0 ] ; then\n    # print error to STDERR\n    echo \"error: The sandbox is not in sync with the Podfile.lock. Run 'pod install' or update your CocoaPods installation.\" >&2\n    exit 1\nfi\n# This output is used by Xcode 'outputs' to avoid re-running this script phase.\necho \"SUCCESS\" > \"${SCRIPT_OUTPUT_FILE_0}\"\n";
			showEnvVarsInLog = 0;
		};
		D57224F728A673C900112751 /* ShellScript */ = {
			isa = PBXShellScriptBuildPhase;
			buildActionMask = 2147483647;
			files = (
			);
			inputFileListPaths = (
			);
			inputPaths = (
				"$TEMP_DIR/rswift-lastrun",
			);
			outputFileListPaths = (
			);
			outputPaths = (
				$SRCROOT/R.generated.swift,
			);
			runOnlyForDeploymentPostprocessing = 0;
			shellPath = /bin/sh;
			shellScript = "\"$PODS_ROOT/R.swift/rswift\" generate \"$SRCROOT/R.generated.swift\"\n\n";
		};
/* End PBXShellScriptBuildPhase section */

/* Begin PBXSourcesBuildPhase section */
		D57224DB28A6645400112751 /* Sources */ = {
			isa = PBXSourcesBuildPhase;
			buildActionMask = 2147483647;
			files = (
				D57224E728A6645400112751 /* ViewController.swift in Sources */,
				D575393F28B330F3006645F7 /* URL.swift in Sources */,
				D575394428B33502006645F7 /* UserService.swift in Sources */,
				D59E013028A7D7D50071E0CA /* KakaoAuthViewModel.swift in Sources */,
				D57224E328A6645400112751 /* AppDelegate.swift in Sources */,
				D575394228B334F4006645F7 /* UserAPI.swift in Sources */,
				D58C64DA28AD6D1F00B07C9C /* DefaultKeys.swift in Sources */,
				6BA8053C28A9E80700B899A5 /* Utils.swift in Sources */,
				D572250E28A678D400112751 /* Font.swift in Sources */,
				D571105428B5DCBB00B24812 /* Const.swift in Sources */,
				D57224E528A6645400112751 /* SceneDelegate.swift in Sources */,
				6BA8053728A941DA00B899A5 /* Layout.swift in Sources */,
				D575395528B36338006645F7 /* Header.swift in Sources */,
				6BA8053A28A9424B00B899A5 /* LoginButton.swift in Sources */,
				6BA8053E28A9F2AE00B899A5 /* LoginViewModel.swift in Sources */,
				D572250A28A6774700112751 /* R.generated.swift in Sources */,
				D572251028A6794700112751 /* Color.swift in Sources */,
				D571105E28B5FCE800B24812 /* MoyaLoggingPlugin.swift in Sources */,
				6BA8053128A9415300B899A5 /* LoginViewController.swift in Sources */,
				6BA8053528A9418700B899A5 /* LoginType.swift in Sources */,
				D571105A28B5E75600B24812 /* JoinResponse.swift in Sources */,
				D572251328A67A5D00112751 /* Strings.swift in Sources */,
				D571105828B5E72F00B24812 /* LogInResponse.swift in Sources */,
				D575394728B3367A006645F7 /* NetworkResult.swift in Sources */,
			);
			runOnlyForDeploymentPostprocessing = 0;
		};
/* End PBXSourcesBuildPhase section */

/* Begin PBXVariantGroup section */
		D57224E828A6645400112751 /* Main.storyboard */ = {
			isa = PBXVariantGroup;
			children = (
				D57224E928A6645400112751 /* Base */,
			);
			name = Main.storyboard;
			sourceTree = "<group>";
		};
		D57224ED28A6645700112751 /* LaunchScreen.storyboard */ = {
			isa = PBXVariantGroup;
			children = (
				D57224EE28A6645700112751 /* Base */,
			);
			name = LaunchScreen.storyboard;
			sourceTree = "<group>";
		};
/* End PBXVariantGroup section */

/* Begin XCBuildConfiguration section */
		D57224F128A6645700112751 /* Debug */ = {
			isa = XCBuildConfiguration;
			baseConfigurationReference = D59E012A28A7D2470071E0CA /* Config.xcconfig */;
			buildSettings = {
				ALWAYS_SEARCH_USER_PATHS = NO;
				CLANG_ANALYZER_NONNULL = YES;
				CLANG_ANALYZER_NUMBER_OBJECT_CONVERSION = YES_AGGRESSIVE;
				CLANG_CXX_LANGUAGE_STANDARD = "gnu++17";
				CLANG_ENABLE_MODULES = YES;
				CLANG_ENABLE_OBJC_ARC = YES;
				CLANG_ENABLE_OBJC_WEAK = YES;
				CLANG_WARN_BLOCK_CAPTURE_AUTORELEASING = YES;
				CLANG_WARN_BOOL_CONVERSION = YES;
				CLANG_WARN_COMMA = YES;
				CLANG_WARN_CONSTANT_CONVERSION = YES;
				CLANG_WARN_DEPRECATED_OBJC_IMPLEMENTATIONS = YES;
				CLANG_WARN_DIRECT_OBJC_ISA_USAGE = YES_ERROR;
				CLANG_WARN_DOCUMENTATION_COMMENTS = YES;
				CLANG_WARN_EMPTY_BODY = YES;
				CLANG_WARN_ENUM_CONVERSION = YES;
				CLANG_WARN_INFINITE_RECURSION = YES;
				CLANG_WARN_INT_CONVERSION = YES;
				CLANG_WARN_NON_LITERAL_NULL_CONVERSION = YES;
				CLANG_WARN_OBJC_IMPLICIT_RETAIN_SELF = YES;
				CLANG_WARN_OBJC_LITERAL_CONVERSION = YES;
				CLANG_WARN_OBJC_ROOT_CLASS = YES_ERROR;
				CLANG_WARN_QUOTED_INCLUDE_IN_FRAMEWORK_HEADER = YES;
				CLANG_WARN_RANGE_LOOP_ANALYSIS = YES;
				CLANG_WARN_STRICT_PROTOTYPES = YES;
				CLANG_WARN_SUSPICIOUS_MOVE = YES;
				CLANG_WARN_UNGUARDED_AVAILABILITY = YES_AGGRESSIVE;
				CLANG_WARN_UNREACHABLE_CODE = YES;
				CLANG_WARN__DUPLICATE_METHOD_MATCH = YES;
				COPY_PHASE_STRIP = NO;
				DEBUG_INFORMATION_FORMAT = dwarf;
				ENABLE_STRICT_OBJC_MSGSEND = YES;
				ENABLE_TESTABILITY = YES;
				GCC_C_LANGUAGE_STANDARD = gnu11;
				GCC_DYNAMIC_NO_PIC = NO;
				GCC_NO_COMMON_BLOCKS = YES;
				GCC_OPTIMIZATION_LEVEL = 0;
				GCC_PREPROCESSOR_DEFINITIONS = (
					"DEBUG=1",
					"$(inherited)",
				);
				GCC_WARN_64_TO_32_BIT_CONVERSION = YES;
				GCC_WARN_ABOUT_RETURN_TYPE = YES_ERROR;
				GCC_WARN_UNDECLARED_SELECTOR = YES;
				GCC_WARN_UNINITIALIZED_AUTOS = YES_AGGRESSIVE;
				GCC_WARN_UNUSED_FUNCTION = YES;
				GCC_WARN_UNUSED_VARIABLE = YES;
				IPHONEOS_DEPLOYMENT_TARGET = 15.5;
				MTL_ENABLE_DEBUG_INFO = INCLUDE_SOURCE;
				MTL_FAST_MATH = YES;
				ONLY_ACTIVE_ARCH = YES;
				SDKROOT = iphoneos;
				SWIFT_ACTIVE_COMPILATION_CONDITIONS = DEBUG;
				SWIFT_OPTIMIZATION_LEVEL = "-Onone";
			};
			name = Debug;
		};
		D57224F228A6645700112751 /* Release */ = {
			isa = XCBuildConfiguration;
			baseConfigurationReference = D59E012A28A7D2470071E0CA /* Config.xcconfig */;
			buildSettings = {
				ALWAYS_SEARCH_USER_PATHS = NO;
				CLANG_ANALYZER_NONNULL = YES;
				CLANG_ANALYZER_NUMBER_OBJECT_CONVERSION = YES_AGGRESSIVE;
				CLANG_CXX_LANGUAGE_STANDARD = "gnu++17";
				CLANG_ENABLE_MODULES = YES;
				CLANG_ENABLE_OBJC_ARC = YES;
				CLANG_ENABLE_OBJC_WEAK = YES;
				CLANG_WARN_BLOCK_CAPTURE_AUTORELEASING = YES;
				CLANG_WARN_BOOL_CONVERSION = YES;
				CLANG_WARN_COMMA = YES;
				CLANG_WARN_CONSTANT_CONVERSION = YES;
				CLANG_WARN_DEPRECATED_OBJC_IMPLEMENTATIONS = YES;
				CLANG_WARN_DIRECT_OBJC_ISA_USAGE = YES_ERROR;
				CLANG_WARN_DOCUMENTATION_COMMENTS = YES;
				CLANG_WARN_EMPTY_BODY = YES;
				CLANG_WARN_ENUM_CONVERSION = YES;
				CLANG_WARN_INFINITE_RECURSION = YES;
				CLANG_WARN_INT_CONVERSION = YES;
				CLANG_WARN_NON_LITERAL_NULL_CONVERSION = YES;
				CLANG_WARN_OBJC_IMPLICIT_RETAIN_SELF = YES;
				CLANG_WARN_OBJC_LITERAL_CONVERSION = YES;
				CLANG_WARN_OBJC_ROOT_CLASS = YES_ERROR;
				CLANG_WARN_QUOTED_INCLUDE_IN_FRAMEWORK_HEADER = YES;
				CLANG_WARN_RANGE_LOOP_ANALYSIS = YES;
				CLANG_WARN_STRICT_PROTOTYPES = YES;
				CLANG_WARN_SUSPICIOUS_MOVE = YES;
				CLANG_WARN_UNGUARDED_AVAILABILITY = YES_AGGRESSIVE;
				CLANG_WARN_UNREACHABLE_CODE = YES;
				CLANG_WARN__DUPLICATE_METHOD_MATCH = YES;
				COPY_PHASE_STRIP = NO;
				DEBUG_INFORMATION_FORMAT = "dwarf-with-dsym";
				ENABLE_NS_ASSERTIONS = NO;
				ENABLE_STRICT_OBJC_MSGSEND = YES;
				GCC_C_LANGUAGE_STANDARD = gnu11;
				GCC_NO_COMMON_BLOCKS = YES;
				GCC_WARN_64_TO_32_BIT_CONVERSION = YES;
				GCC_WARN_ABOUT_RETURN_TYPE = YES_ERROR;
				GCC_WARN_UNDECLARED_SELECTOR = YES;
				GCC_WARN_UNINITIALIZED_AUTOS = YES_AGGRESSIVE;
				GCC_WARN_UNUSED_FUNCTION = YES;
				GCC_WARN_UNUSED_VARIABLE = YES;
				IPHONEOS_DEPLOYMENT_TARGET = 15.5;
				MTL_ENABLE_DEBUG_INFO = NO;
				MTL_FAST_MATH = YES;
				SDKROOT = iphoneos;
				SWIFT_COMPILATION_MODE = wholemodule;
				SWIFT_OPTIMIZATION_LEVEL = "-O";
				VALIDATE_PRODUCT = YES;
			};
			name = Release;
		};
		D57224F428A6645700112751 /* Debug */ = {
			isa = XCBuildConfiguration;
			baseConfigurationReference = 9D50FE2B9A382EC74E8A719F /* Pods-viside-ios.debug.xcconfig */;
			buildSettings = {
				ASSETCATALOG_COMPILER_APPICON_NAME = AppIcon;
				ASSETCATALOG_COMPILER_GLOBAL_ACCENT_COLOR_NAME = AccentColor;
				CODE_SIGN_ENTITLEMENTS = "viside-ios/viside-ios.entitlements";
				CODE_SIGN_STYLE = Automatic;
				CURRENT_PROJECT_VERSION = 1;
				DEVELOPMENT_TEAM = ZLLGCJ8XUL;
				GENERATE_INFOPLIST_FILE = YES;
				INFOPLIST_FILE = "viside-ios/Info.plist";
				INFOPLIST_KEY_UIApplicationSupportsIndirectInputEvents = YES;
				INFOPLIST_KEY_UILaunchStoryboardName = LaunchScreen;
				INFOPLIST_KEY_UIMainStoryboardFile = Main;
				INFOPLIST_KEY_UISupportedInterfaceOrientations_iPad = "UIInterfaceOrientationPortrait UIInterfaceOrientationPortraitUpsideDown UIInterfaceOrientationLandscapeLeft UIInterfaceOrientationLandscapeRight";
				INFOPLIST_KEY_UISupportedInterfaceOrientations_iPhone = "UIInterfaceOrientationPortrait UIInterfaceOrientationLandscapeLeft UIInterfaceOrientationLandscapeRight";
				LD_RUNPATH_SEARCH_PATHS = (
					"$(inherited)",
					"@executable_path/Frameworks",
				);
				MARKETING_VERSION = 1.0;
				PRODUCT_BUNDLE_IDENTIFIER = "com.jeuniii.viside-ios";
				PRODUCT_NAME = "$(TARGET_NAME)";
				SWIFT_EMIT_LOC_STRINGS = YES;
				SWIFT_VERSION = 5.0;
				TARGETED_DEVICE_FAMILY = "1,2";
			};
			name = Debug;
		};
		D57224F528A6645700112751 /* Release */ = {
			isa = XCBuildConfiguration;
			baseConfigurationReference = B9D96D0EE6CD481D80138A8A /* Pods-viside-ios.release.xcconfig */;
			buildSettings = {
				ASSETCATALOG_COMPILER_APPICON_NAME = AppIcon;
				ASSETCATALOG_COMPILER_GLOBAL_ACCENT_COLOR_NAME = AccentColor;
				CODE_SIGN_ENTITLEMENTS = "viside-ios/viside-ios.entitlements";
				CODE_SIGN_STYLE = Automatic;
				CURRENT_PROJECT_VERSION = 1;
				DEVELOPMENT_TEAM = ZLLGCJ8XUL;
				GENERATE_INFOPLIST_FILE = YES;
				INFOPLIST_FILE = "viside-ios/Info.plist";
				INFOPLIST_KEY_UIApplicationSupportsIndirectInputEvents = YES;
				INFOPLIST_KEY_UILaunchStoryboardName = LaunchScreen;
				INFOPLIST_KEY_UIMainStoryboardFile = Main;
				INFOPLIST_KEY_UISupportedInterfaceOrientations_iPad = "UIInterfaceOrientationPortrait UIInterfaceOrientationPortraitUpsideDown UIInterfaceOrientationLandscapeLeft UIInterfaceOrientationLandscapeRight";
				INFOPLIST_KEY_UISupportedInterfaceOrientations_iPhone = "UIInterfaceOrientationPortrait UIInterfaceOrientationLandscapeLeft UIInterfaceOrientationLandscapeRight";
				LD_RUNPATH_SEARCH_PATHS = (
					"$(inherited)",
					"@executable_path/Frameworks",
				);
				MARKETING_VERSION = 1.0;
				PRODUCT_BUNDLE_IDENTIFIER = "com.jeuniii.viside-ios";
				PRODUCT_NAME = "$(TARGET_NAME)";
				SWIFT_EMIT_LOC_STRINGS = YES;
				SWIFT_VERSION = 5.0;
				TARGETED_DEVICE_FAMILY = "1,2";
			};
			name = Release;
		};
/* End XCBuildConfiguration section */

/* Begin XCConfigurationList section */
		D57224DA28A6645400112751 /* Build configuration list for PBXProject "viside-ios" */ = {
			isa = XCConfigurationList;
			buildConfigurations = (
				D57224F128A6645700112751 /* Debug */,
				D57224F228A6645700112751 /* Release */,
			);
			defaultConfigurationIsVisible = 0;
			defaultConfigurationName = Release;
		};
		D57224F328A6645700112751 /* Build configuration list for PBXNativeTarget "viside-ios" */ = {
			isa = XCConfigurationList;
			buildConfigurations = (
				D57224F428A6645700112751 /* Debug */,
				D57224F528A6645700112751 /* Release */,
			);
			defaultConfigurationIsVisible = 0;
			defaultConfigurationName = Release;
		};
/* End XCConfigurationList section */
	};
	rootObject = D57224D728A6645400112751 /* Project object */;
}
